// !$*UTF8*$!
{
	archiveVersion = 1;
	classes = {
	};
	objectVersion = 55;
	objects = {

/* Begin PBXBuildFile section */
		CBA6D9AC28AA58DB00BB4757 /* AppDelegate.swift in Sources */ = {isa = PBXBuildFile; fileRef = CBA6D9AB28AA58DB00BB4757 /* AppDelegate.swift */; };
		CBA6D9AE28AA58DB00BB4757 /* SceneDelegate.swift in Sources */ = {isa = PBXBuildFile; fileRef = CBA6D9AD28AA58DB00BB4757 /* SceneDelegate.swift */; };
		CBA6D9B328AA58DB00BB4757 /* Main.storyboard in Resources */ = {isa = PBXBuildFile; fileRef = CBA6D9B128AA58DB00BB4757 /* Main.storyboard */; };
		CBA6D9B528AA58DD00BB4757 /* Assets.xcassets in Resources */ = {isa = PBXBuildFile; fileRef = CBA6D9B428AA58DD00BB4757 /* Assets.xcassets */; };
		CBA6D9B828AA58DD00BB4757 /* LaunchScreen.storyboard in Resources */ = {isa = PBXBuildFile; fileRef = CBA6D9B628AA58DD00BB4757 /* LaunchScreen.storyboard */; };
		CBA6D9C328AA58DD00BB4757 /* PrototypeTests.swift in Sources */ = {isa = PBXBuildFile; fileRef = CBA6D9C228AA58DD00BB4757 /* PrototypeTests.swift */; };
		CBA6D9CD28AA58DD00BB4757 /* PrototypeUITests.swift in Sources */ = {isa = PBXBuildFile; fileRef = CBA6D9CC28AA58DD00BB4757 /* PrototypeUITests.swift */; };
		CBA6D9CF28AA58DD00BB4757 /* PrototypeUITestsLaunchTests.swift in Sources */ = {isa = PBXBuildFile; fileRef = CBA6D9CE28AA58DD00BB4757 /* PrototypeUITestsLaunchTests.swift */; };
		CBA6D9DC28AA66C300BB4757 /* FeedViewController.swift in Sources */ = {isa = PBXBuildFile; fileRef = CBA6D9DB28AA66C300BB4757 /* FeedViewController.swift */; };
/* End PBXBuildFile section */

/* Begin PBXContainerItemProxy section */
		CBA6D9BF28AA58DD00BB4757 /* PBXContainerItemProxy */ = {
			isa = PBXContainerItemProxy;
			containerPortal = CBA6D9A028AA58DB00BB4757 /* Project object */;
			proxyType = 1;
			remoteGlobalIDString = CBA6D9A728AA58DB00BB4757;
			remoteInfo = Prototype;
		};
		CBA6D9C928AA58DD00BB4757 /* PBXContainerItemProxy */ = {
			isa = PBXContainerItemProxy;
			containerPortal = CBA6D9A028AA58DB00BB4757 /* Project object */;
			proxyType = 1;
			remoteGlobalIDString = CBA6D9A728AA58DB00BB4757;
			remoteInfo = Prototype;
		};
/* End PBXContainerItemProxy section */

/* Begin PBXFileReference section */
		CBA6D9A828AA58DB00BB4757 /* Prototype.app */ = {isa = PBXFileReference; explicitFileType = wrapper.application; includeInIndex = 0; path = Prototype.app; sourceTree = BUILT_PRODUCTS_DIR; };
		CBA6D9AB28AA58DB00BB4757 /* AppDelegate.swift */ = {isa = PBXFileReference; lastKnownFileType = sourcecode.swift; path = AppDelegate.swift; sourceTree = "<group>"; };
		CBA6D9AD28AA58DB00BB4757 /* SceneDelegate.swift */ = {isa = PBXFileReference; lastKnownFileType = sourcecode.swift; path = SceneDelegate.swift; sourceTree = "<group>"; };
		CBA6D9B228AA58DB00BB4757 /* Base */ = {isa = PBXFileReference; lastKnownFileType = file.storyboard; name = Base; path = Base.lproj/Main.storyboard; sourceTree = "<group>"; };
		CBA6D9B428AA58DD00BB4757 /* Assets.xcassets */ = {isa = PBXFileReference; lastKnownFileType = folder.assetcatalog; path = Assets.xcassets; sourceTree = "<group>"; };
		CBA6D9B728AA58DD00BB4757 /* Base */ = {isa = PBXFileReference; lastKnownFileType = file.storyboard; name = Base; path = Base.lproj/LaunchScreen.storyboard; sourceTree = "<group>"; };
		CBA6D9B928AA58DD00BB4757 /* Info.plist */ = {isa = PBXFileReference; lastKnownFileType = text.plist.xml; path = Info.plist; sourceTree = "<group>"; };
		CBA6D9BE28AA58DD00BB4757 /* PrototypeTests.xctest */ = {isa = PBXFileReference; explicitFileType = wrapper.cfbundle; includeInIndex = 0; path = PrototypeTests.xctest; sourceTree = BUILT_PRODUCTS_DIR; };
		CBA6D9C228AA58DD00BB4757 /* PrototypeTests.swift */ = {isa = PBXFileReference; lastKnownFileType = sourcecode.swift; path = PrototypeTests.swift; sourceTree = "<group>"; };
		CBA6D9C828AA58DD00BB4757 /* PrototypeUITests.xctest */ = {isa = PBXFileReference; explicitFileType = wrapper.cfbundle; includeInIndex = 0; path = PrototypeUITests.xctest; sourceTree = BUILT_PRODUCTS_DIR; };
		CBA6D9CC28AA58DD00BB4757 /* PrototypeUITests.swift */ = {isa = PBXFileReference; lastKnownFileType = sourcecode.swift; path = PrototypeUITests.swift; sourceTree = "<group>"; };
		CBA6D9CE28AA58DD00BB4757 /* PrototypeUITestsLaunchTests.swift */ = {isa = PBXFileReference; lastKnownFileType = sourcecode.swift; path = PrototypeUITestsLaunchTests.swift; sourceTree = "<group>"; };
		CBA6D9DB28AA66C300BB4757 /* FeedViewController.swift */ = {isa = PBXFileReference; lastKnownFileType = sourcecode.swift; path = FeedViewController.swift; sourceTree = "<group>"; };
/* End PBXFileReference section */

/* Begin PBXFrameworksBuildPhase section */
		CBA6D9A528AA58DB00BB4757 /* Frameworks */ = {
			isa = PBXFrameworksBuildPhase;
			buildActionMask = 2147483647;
			files = (
			);
			runOnlyForDeploymentPostprocessing = 0;
		};
		CBA6D9BB28AA58DD00BB4757 /* Frameworks */ = {
			isa = PBXFrameworksBuildPhase;
			buildActionMask = 2147483647;
			files = (
			);
			runOnlyForDeploymentPostprocessing = 0;
		};
		CBA6D9C528AA58DD00BB4757 /* Frameworks */ = {
			isa = PBXFrameworksBuildPhase;
			buildActionMask = 2147483647;
			files = (
			);
			runOnlyForDeploymentPostprocessing = 0;
		};
/* End PBXFrameworksBuildPhase section */

/* Begin PBXGroup section */
		CBA6D99F28AA58DB00BB4757 = {
			isa = PBXGroup;
			children = (
				CBA6D9AA28AA58DB00BB4757 /* Prototype */,
				CBA6D9C128AA58DD00BB4757 /* PrototypeTests */,
				CBA6D9CB28AA58DD00BB4757 /* PrototypeUITests */,
				CBA6D9A928AA58DB00BB4757 /* Products */,
			);
			sourceTree = "<group>";
		};
		CBA6D9A928AA58DB00BB4757 /* Products */ = {
			isa = PBXGroup;
			children = (
				CBA6D9A828AA58DB00BB4757 /* Prototype.app */,
				CBA6D9BE28AA58DD00BB4757 /* PrototypeTests.xctest */,
				CBA6D9C828AA58DD00BB4757 /* PrototypeUITests.xctest */,
			);
			name = Products;
			sourceTree = "<group>";
		};
		CBA6D9AA28AA58DB00BB4757 /* Prototype */ = {
			isa = PBXGroup;
			children = (
				CBA6D9AB28AA58DB00BB4757 /* AppDelegate.swift */,
				CBA6D9AD28AA58DB00BB4757 /* SceneDelegate.swift */,
				CBA6D9B128AA58DB00BB4757 /* Main.storyboard */,
				CBA6D9B428AA58DD00BB4757 /* Assets.xcassets */,
				CBA6D9B628AA58DD00BB4757 /* LaunchScreen.storyboard */,
				CBA6D9B928AA58DD00BB4757 /* Info.plist */,
				CBA6D9DB28AA66C300BB4757 /* FeedViewController.swift */,
			);
			path = Prototype;
			sourceTree = "<group>";
		};
		CBA6D9C128AA58DD00BB4757 /* PrototypeTests */ = {
			isa = PBXGroup;
			children = (
				CBA6D9C228AA58DD00BB4757 /* PrototypeTests.swift */,
			);
			path = PrototypeTests;
			sourceTree = "<group>";
		};
		CBA6D9CB28AA58DD00BB4757 /* PrototypeUITests */ = {
			isa = PBXGroup;
			children = (
				CBA6D9CC28AA58DD00BB4757 /* PrototypeUITests.swift */,
				CBA6D9CE28AA58DD00BB4757 /* PrototypeUITestsLaunchTests.swift */,
			);
			path = PrototypeUITests;
			sourceTree = "<group>";
		};
/* End PBXGroup section */

/* Begin PBXNativeTarget section */
		CBA6D9A728AA58DB00BB4757 /* Prototype */ = {
			isa = PBXNativeTarget;
			buildConfigurationList = CBA6D9D228AA58DD00BB4757 /* Build configuration list for PBXNativeTarget "Prototype" */;
			buildPhases = (
				CBA6D9A428AA58DB00BB4757 /* Sources */,
				CBA6D9A528AA58DB00BB4757 /* Frameworks */,
				CBA6D9A628AA58DB00BB4757 /* Resources */,
			);
			buildRules = (
			);
			dependencies = (
			);
			name = Prototype;
			productName = Prototype;
			productReference = CBA6D9A828AA58DB00BB4757 /* Prototype.app */;
			productType = "com.apple.product-type.application";
		};
		CBA6D9BD28AA58DD00BB4757 /* PrototypeTests */ = {
			isa = PBXNativeTarget;
			buildConfigurationList = CBA6D9D528AA58DD00BB4757 /* Build configuration list for PBXNativeTarget "PrototypeTests" */;
			buildPhases = (
				CBA6D9BA28AA58DD00BB4757 /* Sources */,
				CBA6D9BB28AA58DD00BB4757 /* Frameworks */,
				CBA6D9BC28AA58DD00BB4757 /* Resources */,
			);
			buildRules = (
			);
			dependencies = (
				CBA6D9C028AA58DD00BB4757 /* PBXTargetDependency */,
			);
			name = PrototypeTests;
			productName = PrototypeTests;
			productReference = CBA6D9BE28AA58DD00BB4757 /* PrototypeTests.xctest */;
			productType = "com.apple.product-type.bundle.unit-test";
		};
		CBA6D9C728AA58DD00BB4757 /* PrototypeUITests */ = {
			isa = PBXNativeTarget;
			buildConfigurationList = CBA6D9D828AA58DD00BB4757 /* Build configuration list for PBXNativeTarget "PrototypeUITests" */;
			buildPhases = (
				CBA6D9C428AA58DD00BB4757 /* Sources */,
				CBA6D9C528AA58DD00BB4757 /* Frameworks */,
				CBA6D9C628AA58DD00BB4757 /* Resources */,
			);
			buildRules = (
			);
			dependencies = (
				CBA6D9CA28AA58DD00BB4757 /* PBXTargetDependency */,
			);
			name = PrototypeUITests;
			productName = PrototypeUITests;
			productReference = CBA6D9C828AA58DD00BB4757 /* PrototypeUITests.xctest */;
			productType = "com.apple.product-type.bundle.ui-testing";
		};
/* End PBXNativeTarget section */

/* Begin PBXProject section */
		CBA6D9A028AA58DB00BB4757 /* Project object */ = {
			isa = PBXProject;
			attributes = {
				BuildIndependentTargetsInParallel = 1;
				LastSwiftUpdateCheck = 1340;
				LastUpgradeCheck = 1340;
				TargetAttributes = {
					CBA6D9A728AA58DB00BB4757 = {
						CreatedOnToolsVersion = 13.4.1;
					};
					CBA6D9BD28AA58DD00BB4757 = {
						CreatedOnToolsVersion = 13.4.1;
						TestTargetID = CBA6D9A728AA58DB00BB4757;
					};
					CBA6D9C728AA58DD00BB4757 = {
						CreatedOnToolsVersion = 13.4.1;
						TestTargetID = CBA6D9A728AA58DB00BB4757;
					};
				};
			};
			buildConfigurationList = CBA6D9A328AA58DB00BB4757 /* Build configuration list for PBXProject "Prototype" */;
			compatibilityVersion = "Xcode 13.0";
			developmentRegion = en;
			hasScannedForEncodings = 0;
			knownRegions = (
				en,
				Base,
			);
			mainGroup = CBA6D99F28AA58DB00BB4757;
			productRefGroup = CBA6D9A928AA58DB00BB4757 /* Products */;
			projectDirPath = "";
			projectRoot = "";
			targets = (
				CBA6D9A728AA58DB00BB4757 /* Prototype */,
				CBA6D9BD28AA58DD00BB4757 /* PrototypeTests */,
				CBA6D9C728AA58DD00BB4757 /* PrototypeUITests */,
			);
		};
/* End PBXProject section */

/* Begin PBXResourcesBuildPhase section */
		CBA6D9A628AA58DB00BB4757 /* Resources */ = {
			isa = PBXResourcesBuildPhase;
			buildActionMask = 2147483647;
			files = (
				CBA6D9B828AA58DD00BB4757 /* LaunchScreen.storyboard in Resources */,
				CBA6D9B528AA58DD00BB4757 /* Assets.xcassets in Resources */,
				CBA6D9B328AA58DB00BB4757 /* Main.storyboard in Resources */,
			);
			runOnlyForDeploymentPostprocessing = 0;
		};
		CBA6D9BC28AA58DD00BB4757 /* Resources */ = {
			isa = PBXResourcesBuildPhase;
			buildActionMask = 2147483647;
			files = (
			);
			runOnlyForDeploymentPostprocessing = 0;
		};
		CBA6D9C628AA58DD00BB4757 /* Resources */ = {
			isa = PBXResourcesBuildPhase;
			buildActionMask = 2147483647;
			files = (
			);
			runOnlyForDeploymentPostprocessing = 0;
		};
/* End PBXResourcesBuildPhase section */

/* Begin PBXSourcesBuildPhase section */
		CBA6D9A428AA58DB00BB4757 /* Sources */ = {
			isa = PBXSourcesBuildPhase;
			buildActionMask = 2147483647;
			files = (
				CBA6D9AC28AA58DB00BB4757 /* AppDelegate.swift in Sources */,
				CBA6D9DC28AA66C300BB4757 /* FeedViewController.swift in Sources */,
				CBA6D9AE28AA58DB00BB4757 /* SceneDelegate.swift in Sources */,
			);
			runOnlyForDeploymentPostprocessing = 0;
		};
		CBA6D9BA28AA58DD00BB4757 /* Sources */ = {
			isa = PBXSourcesBuildPhase;
			buildActionMask = 2147483647;
			files = (
				CBA6D9C328AA58DD00BB4757 /* PrototypeTests.swift in Sources */,
			);
			runOnlyForDeploymentPostprocessing = 0;
		};
		CBA6D9C428AA58DD00BB4757 /* Sources */ = {
			isa = PBXSourcesBuildPhase;
			buildActionMask = 2147483647;
			files = (
				CBA6D9CD28AA58DD00BB4757 /* PrototypeUITests.swift in Sources */,
				CBA6D9CF28AA58DD00BB4757 /* PrototypeUITestsLaunchTests.swift in Sources */,
			);
			runOnlyForDeploymentPostprocessing = 0;
		};
/* End PBXSourcesBuildPhase section */

/* Begin PBXTargetDependency section */
		CBA6D9C028AA58DD00BB4757 /* PBXTargetDependency */ = {
			isa = PBXTargetDependency;
			target = CBA6D9A728AA58DB00BB4757 /* Prototype */;
			targetProxy = CBA6D9BF28AA58DD00BB4757 /* PBXContainerItemProxy */;
		};
		CBA6D9CA28AA58DD00BB4757 /* PBXTargetDependency */ = {
			isa = PBXTargetDependency;
			target = CBA6D9A728AA58DB00BB4757 /* Prototype */;
			targetProxy = CBA6D9C928AA58DD00BB4757 /* PBXContainerItemProxy */;
		};
/* End PBXTargetDependency section */

/* Begin PBXVariantGroup section */
		CBA6D9B128AA58DB00BB4757 /* Main.storyboard */ = {
			isa = PBXVariantGroup;
			children = (
				CBA6D9B228AA58DB00BB4757 /* Base */,
			);
			name = Main.storyboard;
			sourceTree = "<group>";
		};
		CBA6D9B628AA58DD00BB4757 /* LaunchScreen.storyboard */ = {
			isa = PBXVariantGroup;
			children = (
				CBA6D9B728AA58DD00BB4757 /* Base */,
			);
			name = LaunchScreen.storyboard;
			sourceTree = "<group>";
		};
/* End PBXVariantGroup section */

/* Begin XCBuildConfiguration section */
		CBA6D9D028AA58DD00BB4757 /* Debug */ = {
			isa = XCBuildConfiguration;
			buildSettings = {
				ALWAYS_SEARCH_USER_PATHS = NO;
				CLANG_ANALYZER_NONNULL = YES;
				CLANG_ANALYZER_NUMBER_OBJECT_CONVERSION = YES_AGGRESSIVE;
				CLANG_CXX_LANGUAGE_STANDARD = "gnu++17";
				CLANG_ENABLE_MODULES = YES;
				CLANG_ENABLE_OBJC_ARC = YES;
				CLANG_ENABLE_OBJC_WEAK = YES;
				CLANG_WARN_BLOCK_CAPTURE_AUTORELEASING = YES;
				CLANG_WARN_BOOL_CONVERSION = YES;
				CLANG_WARN_COMMA = YES;
				CLANG_WARN_CONSTANT_CONVERSION = YES;
				CLANG_WARN_DEPRECATED_OBJC_IMPLEMENTATIONS = YES;
				CLANG_WARN_DIRECT_OBJC_ISA_USAGE = YES_ERROR;
				CLANG_WARN_DOCUMENTATION_COMMENTS = YES;
				CLANG_WARN_EMPTY_BODY = YES;
				CLANG_WARN_ENUM_CONVERSION = YES;
				CLANG_WARN_INFINITE_RECURSION = YES;
				CLANG_WARN_INT_CONVERSION = YES;
				CLANG_WARN_NON_LITERAL_NULL_CONVERSION = YES;
				CLANG_WARN_OBJC_IMPLICIT_RETAIN_SELF = YES;
				CLANG_WARN_OBJC_LITERAL_CONVERSION = YES;
				CLANG_WARN_OBJC_ROOT_CLASS = YES_ERROR;
				CLANG_WARN_QUOTED_INCLUDE_IN_FRAMEWORK_HEADER = YES;
				CLANG_WARN_RANGE_LOOP_ANALYSIS = YES;
				CLANG_WARN_STRICT_PROTOTYPES = YES;
				CLANG_WARN_SUSPICIOUS_MOVE = YES;
				CLANG_WARN_UNGUARDED_AVAILABILITY = YES_AGGRESSIVE;
				CLANG_WARN_UNREACHABLE_CODE = YES;
				CLANG_WARN__DUPLICATE_METHOD_MATCH = YES;
				COPY_PHASE_STRIP = NO;
				DEBUG_INFORMATION_FORMAT = dwarf;
				ENABLE_STRICT_OBJC_MSGSEND = YES;
				ENABLE_TESTABILITY = YES;
				GCC_C_LANGUAGE_STANDARD = gnu11;
				GCC_DYNAMIC_NO_PIC = NO;
				GCC_NO_COMMON_BLOCKS = YES;
				GCC_OPTIMIZATION_LEVEL = 0;
				GCC_PREPROCESSOR_DEFINITIONS = (
					"DEBUG=1",
					"$(inherited)",
				);
				GCC_WARN_64_TO_32_BIT_CONVERSION = YES;
				GCC_WARN_ABOUT_RETURN_TYPE = YES_ERROR;
				GCC_WARN_UNDECLARED_SELECTOR = YES;
				GCC_WARN_UNINITIALIZED_AUTOS = YES_AGGRESSIVE;
				GCC_WARN_UNUSED_FUNCTION = YES;
				GCC_WARN_UNUSED_VARIABLE = YES;
				IPHONEOS_DEPLOYMENT_TARGET = 15.5;
				MTL_ENABLE_DEBUG_INFO = INCLUDE_SOURCE;
				MTL_FAST_MATH = YES;
				ONLY_ACTIVE_ARCH = YES;
				SDKROOT = iphoneos;
				SWIFT_ACTIVE_COMPILATION_CONDITIONS = DEBUG;
				SWIFT_OPTIMIZATION_LEVEL = "-Onone";
			};
			name = Debug;
		};
		CBA6D9D128AA58DD00BB4757 /* Release */ = {
			isa = XCBuildConfiguration;
			buildSettings = {
				ALWAYS_SEARCH_USER_PATHS = NO;
				CLANG_ANALYZER_NONNULL = YES;
				CLANG_ANALYZER_NUMBER_OBJECT_CONVERSION = YES_AGGRESSIVE;
				CLANG_CXX_LANGUAGE_STANDARD = "gnu++17";
				CLANG_ENABLE_MODULES = YES;
				CLANG_ENABLE_OBJC_ARC = YES;
				CLANG_ENABLE_OBJC_WEAK = YES;
				CLANG_WARN_BLOCK_CAPTURE_AUTORELEASING = YES;
				CLANG_WARN_BOOL_CONVERSION = YES;
				CLANG_WARN_COMMA = YES;
				CLANG_WARN_CONSTANT_CONVERSION = YES;
				CLANG_WARN_DEPRECATED_OBJC_IMPLEMENTATIONS = YES;
				CLANG_WARN_DIRECT_OBJC_ISA_USAGE = YES_ERROR;
				CLANG_WARN_DOCUMENTATION_COMMENTS = YES;
				CLANG_WARN_EMPTY_BODY = YES;
				CLANG_WARN_ENUM_CONVERSION = YES;
				CLANG_WARN_INFINITE_RECURSION = YES;
				CLANG_WARN_INT_CONVERSION = YES;
				CLANG_WARN_NON_LITERAL_NULL_CONVERSION = YES;
				CLANG_WARN_OBJC_IMPLICIT_RETAIN_SELF = YES;
				CLANG_WARN_OBJC_LITERAL_CONVERSION = YES;
				CLANG_WARN_OBJC_ROOT_CLASS = YES_ERROR;
				CLANG_WARN_QUOTED_INCLUDE_IN_FRAMEWORK_HEADER = YES;
				CLANG_WARN_RANGE_LOOP_ANALYSIS = YES;
				CLANG_WARN_STRICT_PROTOTYPES = YES;
				CLANG_WARN_SUSPICIOUS_MOVE = YES;
				CLANG_WARN_UNGUARDED_AVAILABILITY = YES_AGGRESSIVE;
				CLANG_WARN_UNREACHABLE_CODE = YES;
				CLANG_WARN__DUPLICATE_METHOD_MATCH = YES;
				COPY_PHASE_STRIP = NO;
				DEBUG_INFORMATION_FORMAT = "dwarf-with-dsym";
				ENABLE_NS_ASSERTIONS = NO;
				ENABLE_STRICT_OBJC_MSGSEND = YES;
				GCC_C_LANGUAGE_STANDARD = gnu11;
				GCC_NO_COMMON_BLOCKS = YES;
				GCC_WARN_64_TO_32_BIT_CONVERSION = YES;
				GCC_WARN_ABOUT_RETURN_TYPE = YES_ERROR;
				GCC_WARN_UNDECLARED_SELECTOR = YES;
				GCC_WARN_UNINITIALIZED_AUTOS = YES_AGGRESSIVE;
				GCC_WARN_UNUSED_FUNCTION = YES;
				GCC_WARN_UNUSED_VARIABLE = YES;
				IPHONEOS_DEPLOYMENT_TARGET = 15.5;
				MTL_ENABLE_DEBUG_INFO = NO;
				MTL_FAST_MATH = YES;
				SDKROOT = iphoneos;
				SWIFT_COMPILATION_MODE = wholemodule;
				SWIFT_OPTIMIZATION_LEVEL = "-O";
				VALIDATE_PRODUCT = YES;
			};
			name = Release;
		};
		CBA6D9D328AA58DD00BB4757 /* Debug */ = {
			isa = XCBuildConfiguration;
			buildSettings = {
				ASSETCATALOG_COMPILER_APPICON_NAME = AppIcon;
				ASSETCATALOG_COMPILER_GLOBAL_ACCENT_COLOR_NAME = AccentColor;
				CODE_SIGN_STYLE = Automatic;
				CURRENT_PROJECT_VERSION = 1;
				DEVELOPMENT_TEAM = 64BD3MXBAX;
				GENERATE_INFOPLIST_FILE = YES;
				INFOPLIST_FILE = Prototype/Info.plist;
				INFOPLIST_KEY_UIApplicationSupportsIndirectInputEvents = YES;
				INFOPLIST_KEY_UILaunchStoryboardName = LaunchScreen;
				INFOPLIST_KEY_UIMainStoryboardFile = Main;
				INFOPLIST_KEY_UISupportedInterfaceOrientations = UIInterfaceOrientationPortrait;
				INFOPLIST_KEY_UISupportedInterfaceOrientations_iPad = "UIInterfaceOrientationPortrait UIInterfaceOrientationPortraitUpsideDown UIInterfaceOrientationLandscapeLeft UIInterfaceOrientationLandscapeRight";
				INFOPLIST_KEY_UISupportedInterfaceOrientations_iPhone = "UIInterfaceOrientationPortrait UIInterfaceOrientationLandscapeLeft UIInterfaceOrientationLandscapeRight";
				LD_RUNPATH_SEARCH_PATHS = (
					"$(inherited)",
					"@executable_path/Frameworks",
				);
				MARKETING_VERSION = 1.0;
				PRODUCT_BUNDLE_IDENTIFIER = com.aymen.TopStories.Prototype;
				PRODUCT_NAME = "$(TARGET_NAME)";
				SWIFT_EMIT_LOC_STRINGS = YES;
				SWIFT_VERSION = 5.0;
				TARGETED_DEVICE_FAMILY = "1,2";
			};
			name = Debug;
		};
		CBA6D9D428AA58DD00BB4757 /* Release */ = {
			isa = XCBuildConfiguration;
			buildSettings = {
				ASSETCATALOG_COMPILER_APPICON_NAME = AppIcon;
				ASSETCATALOG_COMPILER_GLOBAL_ACCENT_COLOR_NAME = AccentColor;
				CODE_SIGN_STYLE = Automatic;
				CURRENT_PROJECT_VERSION = 1;
				DEVELOPMENT_TEAM = 64BD3MXBAX;
				GENERATE_INFOPLIST_FILE = YES;
				INFOPLIST_FILE = Prototype/Info.plist;
				INFOPLIST_KEY_UIApplicationSupportsIndirectInputEvents = YES;
				INFOPLIST_KEY_UILaunchStoryboardName = LaunchScreen;
				INFOPLIST_KEY_UIMainStoryboardFile = Main;
				INFOPLIST_KEY_UISupportedInterfaceOrientations = UIInterfaceOrientationPortrait;
				INFOPLIST_KEY_UISupportedInterfaceOrientations_iPad = "UIInterfaceOrientationPortrait UIInterfaceOrientationPortraitUpsideDown UIInterfaceOrientationLandscapeLeft UIInterfaceOrientationLandscapeRight";
				INFOPLIST_KEY_UISupportedInterfaceOrientations_iPhone = "UIInterfaceOrientationPortrait UIInterfaceOrientationLandscapeLeft UIInterfaceOrientationLandscapeRight";
				LD_RUNPATH_SEARCH_PATHS = (
					"$(inherited)",
					"@executable_path/Frameworks",
				);
				MARKETING_VERSION = 1.0;
				PRODUCT_BUNDLE_IDENTIFIER = com.aymen.TopStories.Prototype;
				PRODUCT_NAME = "$(TARGET_NAME)";
				SWIFT_EMIT_LOC_STRINGS = YES;
				SWIFT_VERSION = 5.0;
				TARGETED_DEVICE_FAMILY = "1,2";
			};
			name = Release;
		};
		CBA6D9D628AA58DD00BB4757 /* Debug */ = {
			isa = XCBuildConfiguration;
			buildSettings = {
				ALWAYS_EMBED_SWIFT_STANDARD_LIBRARIES = YES;
				BUNDLE_LOADER = "$(TEST_HOST)";
				CODE_SIGN_STYLE = Automatic;
				CURRENT_PROJECT_VERSION = 1;
				DEVELOPMENT_TEAM = 64BD3MXBAX;
				GENERATE_INFOPLIST_FILE = YES;
				IPHONEOS_DEPLOYMENT_TARGET = 15.5;
				MARKETING_VERSION = 1.0;
				PRODUCT_BUNDLE_IDENTIFIER = com.aymen.PrototypeTests;
				PRODUCT_NAME = "$(TARGET_NAME)";
				SWIFT_EMIT_LOC_STRINGS = NO;
				SWIFT_VERSION = 5.0;
				TARGETED_DEVICE_FAMILY = "1,2";
				TEST_HOST = "$(BUILT_PRODUCTS_DIR)/Prototype.app/Prototype";
			};
			name = Debug;
		};
		CBA6D9D728AA58DD00BB4757 /* Release */ = {
			isa = XCBuildConfiguration;
			buildSettings = {
				ALWAYS_EMBED_SWIFT_STANDARD_LIBRARIES = YES;
				BUNDLE_LOADER = "$(TEST_HOST)";
				CODE_SIGN_STYLE = Automatic;
				CURRENT_PROJECT_VERSION = 1;
				DEVELOPMENT_TEAM = 64BD3MXBAX;
				GENERATE_INFOPLIST_FILE = YES;
				IPHONEOS_DEPLOYMENT_TARGET = 15.5;
				MARKETING_VERSION = 1.0;
				PRODUCT_BUNDLE_IDENTIFIER = com.aymen.PrototypeTests;
				PRODUCT_NAME = "$(TARGET_NAME)";
				SWIFT_EMIT_LOC_STRINGS = NO;
				SWIFT_VERSION = 5.0;
				TARGETED_DEVICE_FAMILY = "1,2";
				TEST_HOST = "$(BUILT_PRODUCTS_DIR)/Prototype.app/Prototype";
			};
			name = Release;
		};
		CBA6D9D928AA58DD00BB4757 /* Debug */ = {
			isa = XCBuildConfiguration;
			buildSettings = {
				ALWAYS_EMBED_SWIFT_STANDARD_LIBRARIES = YES;
				CODE_SIGN_STYLE = Automatic;
				CURRENT_PROJECT_VERSION = 1;
				DEVELOPMENT_TEAM = 64BD3MXBAX;
				GENERATE_INFOPLIST_FILE = YES;
				MARKETING_VERSION = 1.0;
				PRODUCT_BUNDLE_IDENTIFIER = com.aymen.PrototypeUITests;
				PRODUCT_NAME = "$(TARGET_NAME)";
				SWIFT_EMIT_LOC_STRINGS = NO;
				SWIFT_VERSION = 5.0;
				TARGETED_DEVICE_FAMILY = "1,2";
				TEST_TARGET_NAME = Prototype;
			};
			name = Debug;
		};
		CBA6D9DA28AA58DD00BB4757 /* Release */ = {
			isa = XCBuildConfiguration;
			buildSettings = {
				ALWAYS_EMBED_SWIFT_STANDARD_LIBRARIES = YES;
				CODE_SIGN_STYLE = Automatic;
				CURRENT_PROJECT_VERSION = 1;
				DEVELOPMENT_TEAM = 64BD3MXBAX;
				GENERATE_INFOPLIST_FILE = YES;
				MARKETING_VERSION = 1.0;
				PRODUCT_BUNDLE_IDENTIFIER = com.aymen.PrototypeUITests;
				PRODUCT_NAME = "$(TARGET_NAME)";
				SWIFT_EMIT_LOC_STRINGS = NO;
				SWIFT_VERSION = 5.0;
				TARGETED_DEVICE_FAMILY = "1,2";
				TEST_TARGET_NAME = Prototype;
			};
			name = Release;
		};
/* End XCBuildConfiguration section */

/* Begin XCConfigurationList section */
		CBA6D9A328AA58DB00BB4757 /* Build configuration list for PBXProject "Prototype" */ = {
			isa = XCConfigurationList;
			buildConfigurations = (
				CBA6D9D028AA58DD00BB4757 /* Debug */,
				CBA6D9D128AA58DD00BB4757 /* Release */,
			);
			defaultConfigurationIsVisible = 0;
			defaultConfigurationName = Release;
		};
		CBA6D9D228AA58DD00BB4757 /* Build configuration list for PBXNativeTarget "Prototype" */ = {
			isa = XCConfigurationList;
			buildConfigurations = (
				CBA6D9D328AA58DD00BB4757 /* Debug */,
				CBA6D9D428AA58DD00BB4757 /* Release */,
			);
			defaultConfigurationIsVisible = 0;
			defaultConfigurationName = Release;
		};
		CBA6D9D528AA58DD00BB4757 /* Build configuration list for PBXNativeTarget "PrototypeTests" */ = {
			isa = XCConfigurationList;
			buildConfigurations = (
				CBA6D9D628AA58DD00BB4757 /* Debug */,
				CBA6D9D728AA58DD00BB4757 /* Release */,
			);
			defaultConfigurationIsVisible = 0;
			defaultConfigurationName = Release;
		};
		CBA6D9D828AA58DD00BB4757 /* Build configuration list for PBXNativeTarget "PrototypeUITests" */ = {
			isa = XCConfigurationList;
			buildConfigurations = (
				CBA6D9D928AA58DD00BB4757 /* Debug */,
				CBA6D9DA28AA58DD00BB4757 /* Release */,
			);
			defaultConfigurationIsVisible = 0;
			defaultConfigurationName = Release;
		};
/* End XCConfigurationList section */
	};
	rootObject = CBA6D9A028AA58DB00BB4757 /* Project object */;
}
