// !$*UTF8*$!
{
	archiveVersion = 1;
	classes = {
	};
	objectVersion = 55;
	objects = {

/* Begin PBXBuildFile section */
		CBA6D97328A7E50D00BB4757 /* HTTPClient.swift in Sources */ = {isa = PBXBuildFile; fileRef = CBA6D97228A7E50D00BB4757 /* HTTPClient.swift */; };
		CBA6D97528A7E56F00BB4757 /* FeedItemsMapper.swift in Sources */ = {isa = PBXBuildFile; fileRef = CBA6D97428A7E56F00BB4757 /* FeedItemsMapper.swift */; };
		CBA6D97D28A8559A00BB4757 /* URLSessionHTTPClient.swift in Sources */ = {isa = PBXBuildFile; fileRef = CBA6D97C28A8559A00BB4757 /* URLSessionHTTPClient.swift */; };
		CBA6D98628A9219B00BB4757 /* TopStoriesFeed.framework in Frameworks */ = {isa = PBXBuildFile; fileRef = CBEEAB7C28A439F300CD65EB /* TopStoriesFeed.framework */; };
		CBA6D99628A9597900BB4757 /* RemoteFeedItem.swift in Sources */ = {isa = PBXBuildFile; fileRef = CBA6D99528A9597900BB4757 /* RemoteFeedItem.swift */; };
		CBA6D9EE28AA7B1500BB4757 /* TopStoriesFeediOS.framework in Frameworks */ = {isa = PBXBuildFile; fileRef = CBA6D9E628AA7B1400BB4757 /* TopStoriesFeediOS.framework */; };
		CBA6D9F428AA7B1500BB4757 /* TopStoriesFeediOS.h in Headers */ = {isa = PBXBuildFile; fileRef = CBA6D9E828AA7B1400BB4757 /* TopStoriesFeediOS.h */; settings = {ATTRIBUTES = (Public, ); }; };
		CBA6D9FE28AA8AC800BB4757 /* TopStoriesFeed.framework in Frameworks */ = {isa = PBXBuildFile; fileRef = CBEEAB7C28A439F300CD65EB /* TopStoriesFeed.framework */; platformFilter = ios; };
		CBA6D9FF28AA8AC800BB4757 /* TopStoriesFeed.framework in Embed Frameworks */ = {isa = PBXBuildFile; fileRef = CBEEAB7C28A439F300CD65EB /* TopStoriesFeed.framework */; platformFilter = ios; settings = {ATTRIBUTES = (CodeSignOnCopy, RemoveHeadersOnCopy, ); }; };
		CBA6DA0628AA90FF00BB4757 /* FeedViewController.swift in Sources */ = {isa = PBXBuildFile; fileRef = CBA6DA0528AA90FF00BB4757 /* FeedViewController.swift */; };
		CBA6DA0828AA94E600BB4757 /* FeedImageCell.swift in Sources */ = {isa = PBXBuildFile; fileRef = CBA6DA0728AA94E600BB4757 /* FeedImageCell.swift */; };
		CBA6DA0A28AA9CDC00BB4757 /* UIView+Shimmering.swift in Sources */ = {isa = PBXBuildFile; fileRef = CBA6DA0928AA9CDC00BB4757 /* UIView+Shimmering.swift */; };
		CBA6DA1628AAAE6D00BB4757 /* FeedImageCellController.swift in Sources */ = {isa = PBXBuildFile; fileRef = CBA6DA1528AAAE6D00BB4757 /* FeedImageCellController.swift */; };
		CBA6DA1928AAB1F600BB4757 /* FeedUIComposer.swift in Sources */ = {isa = PBXBuildFile; fileRef = CBA6DA1828AAB1F600BB4757 /* FeedUIComposer.swift */; };
		CBA6DA1E28AAC7B600BB4757 /* FeedImagePresenter.swift in Sources */ = {isa = PBXBuildFile; fileRef = CBA6DA1D28AAC7B600BB4757 /* FeedImagePresenter.swift */; };
		CBA6DA2228AAE37A00BB4757 /* FeedImageViewModel.swift in Sources */ = {isa = PBXBuildFile; fileRef = CBA6DA2128AAE37A00BB4757 /* FeedImageViewModel.swift */; };
		CBA6DA2828AAE8B000BB4757 /* Feed.storyboard in Resources */ = {isa = PBXBuildFile; fileRef = CBA6DA2728AAE8B000BB4757 /* Feed.storyboard */; };
		CBA6DA2A28AAE96D00BB4757 /* TopStories.xcassets in Resources */ = {isa = PBXBuildFile; fileRef = CBA6DA2928AAE96D00BB4757 /* TopStories.xcassets */; };
		CBA6DA2C28AAF3F200BB4757 /* UITableView+Dequeueing.swift in Sources */ = {isa = PBXBuildFile; fileRef = CBA6DA2B28AAF3F200BB4757 /* UITableView+Dequeueing.swift */; };
		CBA6DA2E28AAF48600BB4757 /* UIImageView+Animations.swift in Sources */ = {isa = PBXBuildFile; fileRef = CBA6DA2D28AAF48600BB4757 /* UIImageView+Animations.swift */; };
		CBA6DA3628AB032B00BB4757 /* MainQueueDispatchDecorator.swift in Sources */ = {isa = PBXBuildFile; fileRef = CBA6DA3528AB032B00BB4757 /* MainQueueDispatchDecorator.swift */; };
		CBA6DA3828AB05BE00BB4757 /* WeakRefVirtualProxy.swift in Sources */ = {isa = PBXBuildFile; fileRef = CBA6DA3728AB05BE00BB4757 /* WeakRefVirtualProxy.swift */; };
		CBA6DA3A28AB062200BB4757 /* FeedImageDataLoaderPresentationAdapter.swift in Sources */ = {isa = PBXBuildFile; fileRef = CBA6DA3928AB062200BB4757 /* FeedImageDataLoaderPresentationAdapter.swift */; };
		CBA6DA3C28AB06BF00BB4757 /* FeedLoaderPresentationAdapter.swift in Sources */ = {isa = PBXBuildFile; fileRef = CBA6DA3B28AB06BF00BB4757 /* FeedLoaderPresentationAdapter.swift */; };
		CBA6DA3E28AB071600BB4757 /* FeedViewAdapter.swift in Sources */ = {isa = PBXBuildFile; fileRef = CBA6DA3D28AB071600BB4757 /* FeedViewAdapter.swift */; };
		CBA6DA4028AB0B5E00BB4757 /* ErrorView.swift in Sources */ = {isa = PBXBuildFile; fileRef = CBA6DA3F28AB0B5E00BB4757 /* ErrorView.swift */; };
		CBA6DA4528AB0DAB00BB4757 /* UIRefreshControl+Helpers.swift in Sources */ = {isa = PBXBuildFile; fileRef = CBA6DA4428AB0DAB00BB4757 /* UIRefreshControl+Helpers.swift */; };
		CBA6DA4828AB101200BB4757 /* FeedPresenter.swift in Sources */ = {isa = PBXBuildFile; fileRef = CBA6DA4728AB101200BB4757 /* FeedPresenter.swift */; };
		CBA6DA5228AB12A500BB4757 /* Feed.strings in Resources */ = {isa = PBXBuildFile; fileRef = CBA6DA4E28AB10B500BB4757 /* Feed.strings */; };
		CBA6DA5428AB12DD00BB4757 /* FeedViewModel.swift in Sources */ = {isa = PBXBuildFile; fileRef = CBA6DA5328AB12DD00BB4757 /* FeedViewModel.swift */; };
		CBA6DA5628AB130000BB4757 /* FeedLoadingViewModel.swift in Sources */ = {isa = PBXBuildFile; fileRef = CBA6DA5528AB130000BB4757 /* FeedLoadingViewModel.swift */; };
		CBA6DA9C28AB1A7500BB4757 /* RemoteFeedImageDataLoader.swift in Sources */ = {isa = PBXBuildFile; fileRef = CBA6DA9B28AB1A7500BB4757 /* RemoteFeedImageDataLoader.swift */; };
		CBA6DA9E28AB1ABA00BB4757 /* FeedImageDataLoader.swift in Sources */ = {isa = PBXBuildFile; fileRef = CBA6DA9D28AB1ABA00BB4757 /* FeedImageDataLoader.swift */; };
		CBA6DAA128ABC3C000BB4757 /* HTTPURLResponse+StatusCode.swift in Sources */ = {isa = PBXBuildFile; fileRef = CBA6DAA028ABC3C000BB4757 /* HTTPURLResponse+StatusCode.swift */; };
		CBA6DAB328ABF19F00BB4757 /* DetailsViewController.swift in Sources */ = {isa = PBXBuildFile; fileRef = CBA6DAB228ABF19F00BB4757 /* DetailsViewController.swift */; };
		CBA6DAB528ABF36400BB4757 /* DetailsPresenter.swift in Sources */ = {isa = PBXBuildFile; fileRef = CBA6DAB428ABF36400BB4757 /* DetailsPresenter.swift */; };
		CBA6DAB828ABF4B100BB4757 /* DetailsRouter.swift in Sources */ = {isa = PBXBuildFile; fileRef = CBA6DAB728ABF4B100BB4757 /* DetailsRouter.swift */; };
		CBA6DABA28AC00C700BB4757 /* Details.storyboard in Resources */ = {isa = PBXBuildFile; fileRef = CBA6DAB928AC00C700BB4757 /* Details.storyboard */; };
		CBA6DABC28AC25B200BB4757 /* SeeMore.storyboard in Resources */ = {isa = PBXBuildFile; fileRef = CBA6DABB28AC25B200BB4757 /* SeeMore.storyboard */; };
		CBA6DABE28AC267D00BB4757 /* SeeMorePresenter.swift in Sources */ = {isa = PBXBuildFile; fileRef = CBA6DABD28AC267D00BB4757 /* SeeMorePresenter.swift */; };
		CBA6DAC028AC268F00BB4757 /* SeeMoreController.swift in Sources */ = {isa = PBXBuildFile; fileRef = CBA6DABF28AC268F00BB4757 /* SeeMoreController.swift */; };
		CBEEAB8528A439F300CD65EB /* TopStoriesFeed.framework in Frameworks */ = {isa = PBXBuildFile; fileRef = CBEEAB7C28A439F300CD65EB /* TopStoriesFeed.framework */; };
		CBEEAB9528A44D7A00CD65EB /* FeedImage.swift in Sources */ = {isa = PBXBuildFile; fileRef = CBEEAB9428A44D7900CD65EB /* FeedImage.swift */; };
		CBEEAB9728A4557200CD65EB /* FeedLoader.swift in Sources */ = {isa = PBXBuildFile; fileRef = CBEEAB9628A4557200CD65EB /* FeedLoader.swift */; };
		CBEEAB9B28A455D400CD65EB /* RemoteFeedLoader.swift in Sources */ = {isa = PBXBuildFile; fileRef = CBEEAB9A28A455D400CD65EB /* RemoteFeedLoader.swift */; };
/* End PBXBuildFile section */

/* Begin PBXContainerItemProxy section */
		CBA6D98728A9219B00BB4757 /* PBXContainerItemProxy */ = {
			isa = PBXContainerItemProxy;
			containerPortal = CBEEAB7328A439F300CD65EB /* Project object */;
			proxyType = 1;
			remoteGlobalIDString = CBEEAB7B28A439F300CD65EB;
			remoteInfo = TopStoriesFeed;
		};
		CBA6D9EF28AA7B1500BB4757 /* PBXContainerItemProxy */ = {
			isa = PBXContainerItemProxy;
			containerPortal = CBEEAB7328A439F300CD65EB /* Project object */;
			proxyType = 1;
			remoteGlobalIDString = CBA6D9E528AA7B1400BB4757;
			remoteInfo = TopStoriesFeediOS;
		};
		CBA6DA0028AA8AC800BB4757 /* PBXContainerItemProxy */ = {
			isa = PBXContainerItemProxy;
			containerPortal = CBEEAB7328A439F300CD65EB /* Project object */;
			proxyType = 1;
			remoteGlobalIDString = CBEEAB7B28A439F300CD65EB;
			remoteInfo = TopStoriesFeed;
		};
		CBEEAB8628A439F300CD65EB /* PBXContainerItemProxy */ = {
			isa = PBXContainerItemProxy;
			containerPortal = CBEEAB7328A439F300CD65EB /* Project object */;
			proxyType = 1;
			remoteGlobalIDString = CBEEAB7B28A439F300CD65EB;
			remoteInfo = TopStoriesFeed;
		};
/* End PBXContainerItemProxy section */

/* Begin PBXCopyFilesBuildPhase section */
		CBA6DA0228AA8AC800BB4757 /* Embed Frameworks */ = {
			isa = PBXCopyFilesBuildPhase;
			buildActionMask = 2147483647;
			dstPath = "";
			dstSubfolderSpec = 10;
			files = (
				CBA6D9FF28AA8AC800BB4757 /* TopStoriesFeed.framework in Embed Frameworks */,
			);
			name = "Embed Frameworks";
			runOnlyForDeploymentPostprocessing = 0;
		};
/* End PBXCopyFilesBuildPhase section */

/* Begin PBXFileReference section */
		CBA6D97228A7E50D00BB4757 /* HTTPClient.swift */ = {isa = PBXFileReference; lastKnownFileType = sourcecode.swift; path = HTTPClient.swift; sourceTree = "<group>"; };
		CBA6D97428A7E56F00BB4757 /* FeedItemsMapper.swift */ = {isa = PBXFileReference; lastKnownFileType = sourcecode.swift; path = FeedItemsMapper.swift; sourceTree = "<group>"; };
		CBA6D97C28A8559A00BB4757 /* URLSessionHTTPClient.swift */ = {isa = PBXFileReference; lastKnownFileType = sourcecode.swift; path = URLSessionHTTPClient.swift; sourceTree = "<group>"; };
		CBA6D98228A9219B00BB4757 /* TopStoriesFeedAPIEndToEndTests.xctest */ = {isa = PBXFileReference; explicitFileType = wrapper.cfbundle; includeInIndex = 0; path = TopStoriesFeedAPIEndToEndTests.xctest; sourceTree = BUILT_PRODUCTS_DIR; };
		CBA6D99528A9597900BB4757 /* RemoteFeedItem.swift */ = {isa = PBXFileReference; lastKnownFileType = sourcecode.swift; path = RemoteFeedItem.swift; sourceTree = "<group>"; };
		CBA6D9E628AA7B1400BB4757 /* TopStoriesFeediOS.framework */ = {isa = PBXFileReference; explicitFileType = wrapper.framework; includeInIndex = 0; path = TopStoriesFeediOS.framework; sourceTree = BUILT_PRODUCTS_DIR; };
		CBA6D9E828AA7B1400BB4757 /* TopStoriesFeediOS.h */ = {isa = PBXFileReference; lastKnownFileType = sourcecode.c.h; path = TopStoriesFeediOS.h; sourceTree = "<group>"; };
		CBA6D9ED28AA7B1500BB4757 /* TopStoriesFeediOSTests.xctest */ = {isa = PBXFileReference; explicitFileType = wrapper.cfbundle; includeInIndex = 0; path = TopStoriesFeediOSTests.xctest; sourceTree = BUILT_PRODUCTS_DIR; };
		CBA6DA0528AA90FF00BB4757 /* FeedViewController.swift */ = {isa = PBXFileReference; lastKnownFileType = sourcecode.swift; path = FeedViewController.swift; sourceTree = "<group>"; };
		CBA6DA0728AA94E600BB4757 /* FeedImageCell.swift */ = {isa = PBXFileReference; lastKnownFileType = sourcecode.swift; path = FeedImageCell.swift; sourceTree = "<group>"; };
		CBA6DA0928AA9CDC00BB4757 /* UIView+Shimmering.swift */ = {isa = PBXFileReference; lastKnownFileType = sourcecode.swift; path = "UIView+Shimmering.swift"; sourceTree = "<group>"; };
		CBA6DA1528AAAE6D00BB4757 /* FeedImageCellController.swift */ = {isa = PBXFileReference; lastKnownFileType = sourcecode.swift; path = FeedImageCellController.swift; sourceTree = "<group>"; };
		CBA6DA1828AAB1F600BB4757 /* FeedUIComposer.swift */ = {isa = PBXFileReference; lastKnownFileType = sourcecode.swift; path = FeedUIComposer.swift; sourceTree = "<group>"; };
		CBA6DA1D28AAC7B600BB4757 /* FeedImagePresenter.swift */ = {isa = PBXFileReference; lastKnownFileType = sourcecode.swift; path = FeedImagePresenter.swift; sourceTree = "<group>"; };
		CBA6DA2128AAE37A00BB4757 /* FeedImageViewModel.swift */ = {isa = PBXFileReference; lastKnownFileType = sourcecode.swift; path = FeedImageViewModel.swift; sourceTree = "<group>"; };
		CBA6DA2728AAE8B000BB4757 /* Feed.storyboard */ = {isa = PBXFileReference; lastKnownFileType = file.storyboard; path = Feed.storyboard; sourceTree = "<group>"; };
		CBA6DA2928AAE96D00BB4757 /* TopStories.xcassets */ = {isa = PBXFileReference; lastKnownFileType = folder.assetcatalog; path = TopStories.xcassets; sourceTree = "<group>"; };
		CBA6DA2B28AAF3F200BB4757 /* UITableView+Dequeueing.swift */ = {isa = PBXFileReference; lastKnownFileType = sourcecode.swift; path = "UITableView+Dequeueing.swift"; sourceTree = "<group>"; };
		CBA6DA2D28AAF48600BB4757 /* UIImageView+Animations.swift */ = {isa = PBXFileReference; lastKnownFileType = sourcecode.swift; path = "UIImageView+Animations.swift"; sourceTree = "<group>"; };
		CBA6DA3528AB032B00BB4757 /* MainQueueDispatchDecorator.swift */ = {isa = PBXFileReference; lastKnownFileType = sourcecode.swift; path = MainQueueDispatchDecorator.swift; sourceTree = "<group>"; };
		CBA6DA3728AB05BE00BB4757 /* WeakRefVirtualProxy.swift */ = {isa = PBXFileReference; lastKnownFileType = sourcecode.swift; path = WeakRefVirtualProxy.swift; sourceTree = "<group>"; };
		CBA6DA3928AB062200BB4757 /* FeedImageDataLoaderPresentationAdapter.swift */ = {isa = PBXFileReference; lastKnownFileType = sourcecode.swift; path = FeedImageDataLoaderPresentationAdapter.swift; sourceTree = "<group>"; };
		CBA6DA3B28AB06BF00BB4757 /* FeedLoaderPresentationAdapter.swift */ = {isa = PBXFileReference; lastKnownFileType = sourcecode.swift; path = FeedLoaderPresentationAdapter.swift; sourceTree = "<group>"; };
		CBA6DA3D28AB071600BB4757 /* FeedViewAdapter.swift */ = {isa = PBXFileReference; lastKnownFileType = sourcecode.swift; path = FeedViewAdapter.swift; sourceTree = "<group>"; };
		CBA6DA3F28AB0B5E00BB4757 /* ErrorView.swift */ = {isa = PBXFileReference; lastKnownFileType = sourcecode.swift; path = ErrorView.swift; sourceTree = "<group>"; };
		CBA6DA4428AB0DAB00BB4757 /* UIRefreshControl+Helpers.swift */ = {isa = PBXFileReference; lastKnownFileType = sourcecode.swift; path = "UIRefreshControl+Helpers.swift"; sourceTree = "<group>"; };
		CBA6DA4728AB101200BB4757 /* FeedPresenter.swift */ = {isa = PBXFileReference; lastKnownFileType = sourcecode.swift; path = FeedPresenter.swift; sourceTree = "<group>"; };
		CBA6DA4D28AB10B500BB4757 /* en */ = {isa = PBXFileReference; lastKnownFileType = text.plist.strings; name = en; path = en.lproj/Feed.strings; sourceTree = "<group>"; };
		CBA6DA4F28AB10B800BB4757 /* de */ = {isa = PBXFileReference; lastKnownFileType = text.plist.strings; name = de; path = de.lproj/Feed.strings; sourceTree = "<group>"; };
		CBA6DA5328AB12DD00BB4757 /* FeedViewModel.swift */ = {isa = PBXFileReference; lastKnownFileType = sourcecode.swift; path = FeedViewModel.swift; sourceTree = "<group>"; };
		CBA6DA5528AB130000BB4757 /* FeedLoadingViewModel.swift */ = {isa = PBXFileReference; lastKnownFileType = sourcecode.swift; path = FeedLoadingViewModel.swift; sourceTree = "<group>"; };
		CBA6DA9B28AB1A7500BB4757 /* RemoteFeedImageDataLoader.swift */ = {isa = PBXFileReference; lastKnownFileType = sourcecode.swift; path = RemoteFeedImageDataLoader.swift; sourceTree = "<group>"; };
		CBA6DA9D28AB1ABA00BB4757 /* FeedImageDataLoader.swift */ = {isa = PBXFileReference; lastKnownFileType = sourcecode.swift; path = FeedImageDataLoader.swift; sourceTree = "<group>"; };
		CBA6DAA028ABC3C000BB4757 /* HTTPURLResponse+StatusCode.swift */ = {isa = PBXFileReference; lastKnownFileType = sourcecode.swift; path = "HTTPURLResponse+StatusCode.swift"; sourceTree = "<group>"; };
		CBA6DAB228ABF19F00BB4757 /* DetailsViewController.swift */ = {isa = PBXFileReference; lastKnownFileType = sourcecode.swift; path = DetailsViewController.swift; sourceTree = "<group>"; };
		CBA6DAB428ABF36400BB4757 /* DetailsPresenter.swift */ = {isa = PBXFileReference; lastKnownFileType = sourcecode.swift; path = DetailsPresenter.swift; sourceTree = "<group>"; };
		CBA6DAB728ABF4B100BB4757 /* DetailsRouter.swift */ = {isa = PBXFileReference; lastKnownFileType = sourcecode.swift; path = DetailsRouter.swift; sourceTree = "<group>"; };
		CBA6DAB928AC00C700BB4757 /* Details.storyboard */ = {isa = PBXFileReference; lastKnownFileType = file.storyboard; path = Details.storyboard; sourceTree = "<group>"; };
		CBA6DABB28AC25B200BB4757 /* SeeMore.storyboard */ = {isa = PBXFileReference; lastKnownFileType = file.storyboard; path = SeeMore.storyboard; sourceTree = "<group>"; };
		CBA6DABD28AC267D00BB4757 /* SeeMorePresenter.swift */ = {isa = PBXFileReference; lastKnownFileType = sourcecode.swift; path = SeeMorePresenter.swift; sourceTree = "<group>"; };
		CBA6DABF28AC268F00BB4757 /* SeeMoreController.swift */ = {isa = PBXFileReference; lastKnownFileType = sourcecode.swift; path = SeeMoreController.swift; sourceTree = "<group>"; };
		CBEEAB7C28A439F300CD65EB /* TopStoriesFeed.framework */ = {isa = PBXFileReference; explicitFileType = wrapper.framework; includeInIndex = 0; path = TopStoriesFeed.framework; sourceTree = BUILT_PRODUCTS_DIR; };
		CBEEAB8428A439F300CD65EB /* TopStoriesFeedTests.xctest */ = {isa = PBXFileReference; explicitFileType = wrapper.cfbundle; includeInIndex = 0; path = TopStoriesFeedTests.xctest; sourceTree = BUILT_PRODUCTS_DIR; };
		CBEEAB9428A44D7900CD65EB /* FeedImage.swift */ = {isa = PBXFileReference; lastKnownFileType = sourcecode.swift; path = FeedImage.swift; sourceTree = "<group>"; };
		CBEEAB9628A4557200CD65EB /* FeedLoader.swift */ = {isa = PBXFileReference; lastKnownFileType = sourcecode.swift; path = FeedLoader.swift; sourceTree = "<group>"; };
		CBEEAB9A28A455D400CD65EB /* RemoteFeedLoader.swift */ = {isa = PBXFileReference; lastKnownFileType = sourcecode.swift; path = RemoteFeedLoader.swift; sourceTree = "<group>"; };
/* End PBXFileReference section */

/* Begin PBXFrameworksBuildPhase section */
		CBA6D97F28A9219B00BB4757 /* Frameworks */ = {
			isa = PBXFrameworksBuildPhase;
			buildActionMask = 2147483647;
			files = (
				CBA6D98628A9219B00BB4757 /* TopStoriesFeed.framework in Frameworks */,
			);
			runOnlyForDeploymentPostprocessing = 0;
		};
		CBA6D9E328AA7B1400BB4757 /* Frameworks */ = {
			isa = PBXFrameworksBuildPhase;
			buildActionMask = 2147483647;
			files = (
				CBA6D9FE28AA8AC800BB4757 /* TopStoriesFeed.framework in Frameworks */,
			);
			runOnlyForDeploymentPostprocessing = 0;
		};
		CBA6D9EA28AA7B1500BB4757 /* Frameworks */ = {
			isa = PBXFrameworksBuildPhase;
			buildActionMask = 2147483647;
			files = (
				CBA6D9EE28AA7B1500BB4757 /* TopStoriesFeediOS.framework in Frameworks */,
			);
			runOnlyForDeploymentPostprocessing = 0;
		};
		CBEEAB7928A439F300CD65EB /* Frameworks */ = {
			isa = PBXFrameworksBuildPhase;
			buildActionMask = 2147483647;
			files = (
			);
			runOnlyForDeploymentPostprocessing = 0;
		};
		CBEEAB8128A439F300CD65EB /* Frameworks */ = {
			isa = PBXFrameworksBuildPhase;
			buildActionMask = 2147483647;
			files = (
				CBEEAB8528A439F300CD65EB /* TopStoriesFeed.framework in Frameworks */,
			);
			runOnlyForDeploymentPostprocessing = 0;
		};
/* End PBXFrameworksBuildPhase section */

/* Begin PBXGroup section */
		CBA6D9E728AA7B1400BB4757 /* TopStoriesFeediOS */ = {
			isa = PBXGroup;
			children = (
				CBA6DA0E28AAA79800BB4757 /* Feed UI */,
				CBA6D9E828AA7B1400BB4757 /* TopStoriesFeediOS.h */,
			);
			path = TopStoriesFeediOS;
			sourceTree = "<group>";
		};
		CBA6D9FD28AA8AC800BB4757 /* Frameworks */ = {
			isa = PBXGroup;
			children = (
			);
			name = Frameworks;
			sourceTree = "<group>";
		};
		CBA6DA0E28AAA79800BB4757 /* Feed UI */ = {
			isa = PBXGroup;
			children = (
				CBA6DAB628ABF49400BB4757 /* Router */,
				CBA6DA1A28AAC3B600BB4757 /* Feed Persentation */,
				CBA6DA1728AAB1CE00BB4757 /* Composers */,
				CBA6DA1428AAA80B00BB4757 /* Views */,
			);
			path = "Feed UI";
			sourceTree = "<group>";
		};
		CBA6DA1128AAA7CA00BB4757 /* Controllers */ = {
			isa = PBXGroup;
			children = (
				CBA6DA0528AA90FF00BB4757 /* FeedViewController.swift */,
				CBA6DA1528AAAE6D00BB4757 /* FeedImageCellController.swift */,
				CBA6DAB228ABF19F00BB4757 /* DetailsViewController.swift */,
				CBA6DABF28AC268F00BB4757 /* SeeMoreController.swift */,
			);
			path = Controllers;
			sourceTree = "<group>";
		};
		CBA6DA1428AAA80B00BB4757 /* Views */ = {
			isa = PBXGroup;
			children = (
				CBA6DA4128AB0CF800BB4757 /* Helpers */,
				CBA6DA0728AA94E600BB4757 /* FeedImageCell.swift */,
				CBA6DA2728AAE8B000BB4757 /* Feed.storyboard */,
				CBA6DA2928AAE96D00BB4757 /* TopStories.xcassets */,
				CBA6DA1128AAA7CA00BB4757 /* Controllers */,
				CBA6DA3F28AB0B5E00BB4757 /* ErrorView.swift */,
				CBA6DAB928AC00C700BB4757 /* Details.storyboard */,
				CBA6DABB28AC25B200BB4757 /* SeeMore.storyboard */,
			);
			path = Views;
			sourceTree = "<group>";
		};
		CBA6DA1728AAB1CE00BB4757 /* Composers */ = {
			isa = PBXGroup;
			children = (
				CBA6DA1828AAB1F600BB4757 /* FeedUIComposer.swift */,
				CBA6DA3528AB032B00BB4757 /* MainQueueDispatchDecorator.swift */,
				CBA6DA3728AB05BE00BB4757 /* WeakRefVirtualProxy.swift */,
				CBA6DA3928AB062200BB4757 /* FeedImageDataLoaderPresentationAdapter.swift */,
				CBA6DA3B28AB06BF00BB4757 /* FeedLoaderPresentationAdapter.swift */,
				CBA6DA3D28AB071600BB4757 /* FeedViewAdapter.swift */,
			);
			path = Composers;
			sourceTree = "<group>";
		};
		CBA6DA1A28AAC3B600BB4757 /* Feed Persentation */ = {
			isa = PBXGroup;
			children = (
				CBA6DA1D28AAC7B600BB4757 /* FeedImagePresenter.swift */,
				CBA6DA2128AAE37A00BB4757 /* FeedImageViewModel.swift */,
				CBA6DAB428ABF36400BB4757 /* DetailsPresenter.swift */,
				CBA6DABD28AC267D00BB4757 /* SeeMorePresenter.swift */,
			);
			path = "Feed Persentation";
			sourceTree = "<group>";
		};
		CBA6DA4128AB0CF800BB4757 /* Helpers */ = {
			isa = PBXGroup;
			children = (
				CBA6DA0928AA9CDC00BB4757 /* UIView+Shimmering.swift */,
				CBA6DA2B28AAF3F200BB4757 /* UITableView+Dequeueing.swift */,
				CBA6DA2D28AAF48600BB4757 /* UIImageView+Animations.swift */,
				CBA6DA4428AB0DAB00BB4757 /* UIRefreshControl+Helpers.swift */,
			);
			path = Helpers;
			sourceTree = "<group>";
		};
		CBA6DA4628AB100600BB4757 /* Feed Presentation */ = {
			isa = PBXGroup;
			children = (
				CBA6DA4728AB101200BB4757 /* FeedPresenter.swift */,
				CBA6DA4E28AB10B500BB4757 /* Feed.strings */,
				CBA6DA5328AB12DD00BB4757 /* FeedViewModel.swift */,
				CBA6DA5528AB130000BB4757 /* FeedLoadingViewModel.swift */,
			);
			path = "Feed Presentation";
			sourceTree = "<group>";
		};
		CBA6DA9F28ABC3B600BB4757 /* Helpers */ = {
			isa = PBXGroup;
			children = (
				CBA6DAA028ABC3C000BB4757 /* HTTPURLResponse+StatusCode.swift */,
			);
			path = Helpers;
			sourceTree = "<group>";
		};
		CBA6DAB628ABF49400BB4757 /* Router */ = {
			isa = PBXGroup;
			children = (
				CBA6DAB728ABF4B100BB4757 /* DetailsRouter.swift */,
			);
			path = Router;
			sourceTree = "<group>";
		};
		CBEEAB7228A439F300CD65EB = {
			isa = PBXGroup;
			children = (
				CBEEAB7E28A439F300CD65EB /* TopStoriesFeed */,
				CBA6D9E728AA7B1400BB4757 /* TopStoriesFeediOS */,
				CBEEAB7D28A439F300CD65EB /* Products */,
				CBA6D9FD28AA8AC800BB4757 /* Frameworks */,
			);
			sourceTree = "<group>";
		};
		CBEEAB7D28A439F300CD65EB /* Products */ = {
			isa = PBXGroup;
			children = (
				CBEEAB7C28A439F300CD65EB /* TopStoriesFeed.framework */,
				CBEEAB8428A439F300CD65EB /* TopStoriesFeedTests.xctest */,
				CBA6D98228A9219B00BB4757 /* TopStoriesFeedAPIEndToEndTests.xctest */,
				CBA6D9E628AA7B1400BB4757 /* TopStoriesFeediOS.framework */,
				CBA6D9ED28AA7B1500BB4757 /* TopStoriesFeediOSTests.xctest */,
			);
			name = Products;
			sourceTree = "<group>";
		};
		CBEEAB7E28A439F300CD65EB /* TopStoriesFeed */ = {
			isa = PBXGroup;
			children = (
				CBA6DA4628AB100600BB4757 /* Feed Presentation */,
				CBEEAB9928A455C200CD65EB /* FeedAPI */,
				CBEEAB9828A455AF00CD65EB /* FeedFearure */,
			);
			path = TopStoriesFeed;
			sourceTree = "<group>";
		};
		CBEEAB9828A455AF00CD65EB /* FeedFearure */ = {
			isa = PBXGroup;
			children = (
				CBEEAB9428A44D7900CD65EB /* FeedImage.swift */,
				CBEEAB9628A4557200CD65EB /* FeedLoader.swift */,
				CBA6DA9D28AB1ABA00BB4757 /* FeedImageDataLoader.swift */,
			);
			path = FeedFearure;
			sourceTree = "<group>";
		};
		CBEEAB9928A455C200CD65EB /* FeedAPI */ = {
			isa = PBXGroup;
			children = (
				CBA6DA9F28ABC3B600BB4757 /* Helpers */,
				CBA6D97228A7E50D00BB4757 /* HTTPClient.swift */,
				CBA6D97428A7E56F00BB4757 /* FeedItemsMapper.swift */,
				CBEEAB9A28A455D400CD65EB /* RemoteFeedLoader.swift */,
				CBA6D97C28A8559A00BB4757 /* URLSessionHTTPClient.swift */,
				CBA6D99528A9597900BB4757 /* RemoteFeedItem.swift */,
				CBA6DA9B28AB1A7500BB4757 /* RemoteFeedImageDataLoader.swift */,
			);
			path = FeedAPI;
			sourceTree = "<group>";
		};
/* End PBXGroup section */

/* Begin PBXHeadersBuildPhase section */
		CBA6D9E128AA7B1400BB4757 /* Headers */ = {
			isa = PBXHeadersBuildPhase;
			buildActionMask = 2147483647;
			files = (
				CBA6D9F428AA7B1500BB4757 /* TopStoriesFeediOS.h in Headers */,
			);
			runOnlyForDeploymentPostprocessing = 0;
		};
		CBEEAB7728A439F300CD65EB /* Headers */ = {
			isa = PBXHeadersBuildPhase;
			buildActionMask = 2147483647;
			files = (
			);
			runOnlyForDeploymentPostprocessing = 0;
		};
/* End PBXHeadersBuildPhase section */

/* Begin PBXNativeTarget section */
		CBA6D98128A9219B00BB4757 /* TopStoriesFeedAPIEndToEndTests */ = {
			isa = PBXNativeTarget;
			buildConfigurationList = CBA6D98928A9219B00BB4757 /* Build configuration list for PBXNativeTarget "TopStoriesFeedAPIEndToEndTests" */;
			buildPhases = (
				CBA6D97E28A9219B00BB4757 /* Sources */,
				CBA6D97F28A9219B00BB4757 /* Frameworks */,
				CBA6D98028A9219B00BB4757 /* Resources */,
			);
			buildRules = (
			);
			dependencies = (
				CBA6D98828A9219B00BB4757 /* PBXTargetDependency */,
			);
			name = TopStoriesFeedAPIEndToEndTests;
			productName = TopStoriesFeedAPIEndToEndTests;
			productReference = CBA6D98228A9219B00BB4757 /* TopStoriesFeedAPIEndToEndTests.xctest */;
			productType = "com.apple.product-type.bundle.unit-test";
		};
		CBA6D9E528AA7B1400BB4757 /* TopStoriesFeediOS */ = {
			isa = PBXNativeTarget;
			buildConfigurationList = CBA6D9F528AA7B1500BB4757 /* Build configuration list for PBXNativeTarget "TopStoriesFeediOS" */;
			buildPhases = (
				CBA6D9E128AA7B1400BB4757 /* Headers */,
				CBA6D9E228AA7B1400BB4757 /* Sources */,
				CBA6D9E328AA7B1400BB4757 /* Frameworks */,
				CBA6D9E428AA7B1400BB4757 /* Resources */,
				CBA6DA0228AA8AC800BB4757 /* Embed Frameworks */,
			);
			buildRules = (
			);
			dependencies = (
				CBA6DA0128AA8AC800BB4757 /* PBXTargetDependency */,
			);
			name = TopStoriesFeediOS;
			productName = TopStoriesFeediOS;
			productReference = CBA6D9E628AA7B1400BB4757 /* TopStoriesFeediOS.framework */;
			productType = "com.apple.product-type.framework";
		};
		CBA6D9EC28AA7B1500BB4757 /* TopStoriesFeediOSTests */ = {
			isa = PBXNativeTarget;
			buildConfigurationList = CBA6D9F828AA7B1500BB4757 /* Build configuration list for PBXNativeTarget "TopStoriesFeediOSTests" */;
			buildPhases = (
				CBA6D9E928AA7B1500BB4757 /* Sources */,
				CBA6D9EA28AA7B1500BB4757 /* Frameworks */,
				CBA6D9EB28AA7B1500BB4757 /* Resources */,
			);
			buildRules = (
			);
			dependencies = (
				CBA6D9F028AA7B1500BB4757 /* PBXTargetDependency */,
			);
			name = TopStoriesFeediOSTests;
			productName = TopStoriesFeediOSTests;
			productReference = CBA6D9ED28AA7B1500BB4757 /* TopStoriesFeediOSTests.xctest */;
			productType = "com.apple.product-type.bundle.unit-test";
		};
		CBEEAB7B28A439F300CD65EB /* TopStoriesFeed */ = {
			isa = PBXNativeTarget;
			buildConfigurationList = CBEEAB8E28A439F300CD65EB /* Build configuration list for PBXNativeTarget "TopStoriesFeed" */;
			buildPhases = (
				CBEEAB7728A439F300CD65EB /* Headers */,
				CBEEAB7828A439F300CD65EB /* Sources */,
				CBEEAB7928A439F300CD65EB /* Frameworks */,
				CBEEAB7A28A439F300CD65EB /* Resources */,
			);
			buildRules = (
			);
			dependencies = (
			);
			name = TopStoriesFeed;
			productName = TopStoriesFeed;
			productReference = CBEEAB7C28A439F300CD65EB /* TopStoriesFeed.framework */;
			productType = "com.apple.product-type.framework";
		};
		CBEEAB8328A439F300CD65EB /* TopStoriesFeedTests */ = {
			isa = PBXNativeTarget;
			buildConfigurationList = CBEEAB9128A439F300CD65EB /* Build configuration list for PBXNativeTarget "TopStoriesFeedTests" */;
			buildPhases = (
				CBEEAB8028A439F300CD65EB /* Sources */,
				CBEEAB8128A439F300CD65EB /* Frameworks */,
				CBEEAB8228A439F300CD65EB /* Resources */,
			);
			buildRules = (
			);
			dependencies = (
				CBEEAB8728A439F300CD65EB /* PBXTargetDependency */,
			);
			name = TopStoriesFeedTests;
			productName = TopStoriesFeedTests;
			productReference = CBEEAB8428A439F300CD65EB /* TopStoriesFeedTests.xctest */;
			productType = "com.apple.product-type.bundle.unit-test";
		};
/* End PBXNativeTarget section */

/* Begin PBXProject section */
		CBEEAB7328A439F300CD65EB /* Project object */ = {
			isa = PBXProject;
			attributes = {
				BuildIndependentTargetsInParallel = 1;
				LastSwiftUpdateCheck = 1340;
				LastUpgradeCheck = 1340;
				TargetAttributes = {
					CBA6D98128A9219B00BB4757 = {
						CreatedOnToolsVersion = 13.4.1;
					};
					CBA6D9E528AA7B1400BB4757 = {
						CreatedOnToolsVersion = 13.4.1;
						LastSwiftMigration = 1340;
					};
					CBA6D9EC28AA7B1500BB4757 = {
						CreatedOnToolsVersion = 13.4.1;
					};
					CBEEAB7B28A439F300CD65EB = {
						CreatedOnToolsVersion = 13.4.1;
						LastSwiftMigration = 1340;
					};
					CBEEAB8328A439F300CD65EB = {
						CreatedOnToolsVersion = 13.4.1;
					};
				};
			};
			buildConfigurationList = CBEEAB7628A439F300CD65EB /* Build configuration list for PBXProject "TopStoriesFeed" */;
			compatibilityVersion = "Xcode 13.0";
			developmentRegion = en;
			hasScannedForEncodings = 0;
			knownRegions = (
				en,
				Base,
				de,
			);
			mainGroup = CBEEAB7228A439F300CD65EB;
			productRefGroup = CBEEAB7D28A439F300CD65EB /* Products */;
			projectDirPath = "";
			projectRoot = "";
			targets = (
				CBEEAB7B28A439F300CD65EB /* TopStoriesFeed */,
				CBEEAB8328A439F300CD65EB /* TopStoriesFeedTests */,
				CBA6D98128A9219B00BB4757 /* TopStoriesFeedAPIEndToEndTests */,
				CBA6D9E528AA7B1400BB4757 /* TopStoriesFeediOS */,
				CBA6D9EC28AA7B1500BB4757 /* TopStoriesFeediOSTests */,
			);
		};
/* End PBXProject section */

/* Begin PBXResourcesBuildPhase section */
		CBA6D98028A9219B00BB4757 /* Resources */ = {
			isa = PBXResourcesBuildPhase;
			buildActionMask = 2147483647;
			files = (
			);
			runOnlyForDeploymentPostprocessing = 0;
		};
		CBA6D9E428AA7B1400BB4757 /* Resources */ = {
			isa = PBXResourcesBuildPhase;
			buildActionMask = 2147483647;
			files = (
				CBA6DA2828AAE8B000BB4757 /* Feed.storyboard in Resources */,
				CBA6DABC28AC25B200BB4757 /* SeeMore.storyboard in Resources */,
				CBA6DABA28AC00C700BB4757 /* Details.storyboard in Resources */,
				CBA6DA2A28AAE96D00BB4757 /* TopStories.xcassets in Resources */,
			);
			runOnlyForDeploymentPostprocessing = 0;
		};
		CBA6D9EB28AA7B1500BB4757 /* Resources */ = {
			isa = PBXResourcesBuildPhase;
			buildActionMask = 2147483647;
			files = (
			);
			runOnlyForDeploymentPostprocessing = 0;
		};
		CBEEAB7A28A439F300CD65EB /* Resources */ = {
			isa = PBXResourcesBuildPhase;
			buildActionMask = 2147483647;
			files = (
				CBA6DA5228AB12A500BB4757 /* Feed.strings in Resources */,
			);
			runOnlyForDeploymentPostprocessing = 0;
		};
		CBEEAB8228A439F300CD65EB /* Resources */ = {
			isa = PBXResourcesBuildPhase;
			buildActionMask = 2147483647;
			files = (
			);
			runOnlyForDeploymentPostprocessing = 0;
		};
/* End PBXResourcesBuildPhase section */

/* Begin PBXSourcesBuildPhase section */
		CBA6D97E28A9219B00BB4757 /* Sources */ = {
			isa = PBXSourcesBuildPhase;
			buildActionMask = 2147483647;
			files = (
			);
			runOnlyForDeploymentPostprocessing = 0;
		};
		CBA6D9E228AA7B1400BB4757 /* Sources */ = {
			isa = PBXSourcesBuildPhase;
			buildActionMask = 2147483647;
			files = (
				CBA6DA4028AB0B5E00BB4757 /* ErrorView.swift in Sources */,
				CBA6DA4528AB0DAB00BB4757 /* UIRefreshControl+Helpers.swift in Sources */,
				CBA6DA2C28AAF3F200BB4757 /* UITableView+Dequeueing.swift in Sources */,
				CBA6DA0A28AA9CDC00BB4757 /* UIView+Shimmering.swift in Sources */,
				CBA6DA3C28AB06BF00BB4757 /* FeedLoaderPresentationAdapter.swift in Sources */,
				CBA6DA2228AAE37A00BB4757 /* FeedImageViewModel.swift in Sources */,
				CBA6DA3828AB05BE00BB4757 /* WeakRefVirtualProxy.swift in Sources */,
				CBA6DA2E28AAF48600BB4757 /* UIImageView+Animations.swift in Sources */,
				CBA6DAB528ABF36400BB4757 /* DetailsPresenter.swift in Sources */,
				CBA6DABE28AC267D00BB4757 /* SeeMorePresenter.swift in Sources */,
				CBA6DA3628AB032B00BB4757 /* MainQueueDispatchDecorator.swift in Sources */,
				CBA6DA0628AA90FF00BB4757 /* FeedViewController.swift in Sources */,
				CBA6DAB328ABF19F00BB4757 /* DetailsViewController.swift in Sources */,
				CBA6DAB828ABF4B100BB4757 /* DetailsRouter.swift in Sources */,
				CBA6DA0828AA94E600BB4757 /* FeedImageCell.swift in Sources */,
				CBA6DA3A28AB062200BB4757 /* FeedImageDataLoaderPresentationAdapter.swift in Sources */,
				CBA6DA1E28AAC7B600BB4757 /* FeedImagePresenter.swift in Sources */,
				CBA6DAC028AC268F00BB4757 /* SeeMoreController.swift in Sources */,
				CBA6DA1628AAAE6D00BB4757 /* FeedImageCellController.swift in Sources */,
				CBA6DA3E28AB071600BB4757 /* FeedViewAdapter.swift in Sources */,
				CBA6DA1928AAB1F600BB4757 /* FeedUIComposer.swift in Sources */,
			);
			runOnlyForDeploymentPostprocessing = 0;
		};
		CBA6D9E928AA7B1500BB4757 /* Sources */ = {
			isa = PBXSourcesBuildPhase;
			buildActionMask = 2147483647;
			files = (
			);
			runOnlyForDeploymentPostprocessing = 0;
		};
		CBEEAB7828A439F300CD65EB /* Sources */ = {
			isa = PBXSourcesBuildPhase;
			buildActionMask = 2147483647;
			files = (
				CBA6DA5428AB12DD00BB4757 /* FeedViewModel.swift in Sources */,
				CBA6DA4828AB101200BB4757 /* FeedPresenter.swift in Sources */,
				CBA6D97528A7E56F00BB4757 /* FeedItemsMapper.swift in Sources */,
				CBEEAB9728A4557200CD65EB /* FeedLoader.swift in Sources */,
				CBA6D99628A9597900BB4757 /* RemoteFeedItem.swift in Sources */,
				CBEEAB9B28A455D400CD65EB /* RemoteFeedLoader.swift in Sources */,
				CBA6DA5628AB130000BB4757 /* FeedLoadingViewModel.swift in Sources */,
				CBA6DA9E28AB1ABA00BB4757 /* FeedImageDataLoader.swift in Sources */,
				CBA6D97328A7E50D00BB4757 /* HTTPClient.swift in Sources */,
				CBEEAB9528A44D7A00CD65EB /* FeedImage.swift in Sources */,
				CBA6DA9C28AB1A7500BB4757 /* RemoteFeedImageDataLoader.swift in Sources */,
				CBA6DAA128ABC3C000BB4757 /* HTTPURLResponse+StatusCode.swift in Sources */,
				CBA6D97D28A8559A00BB4757 /* URLSessionHTTPClient.swift in Sources */,
			);
			runOnlyForDeploymentPostprocessing = 0;
		};
		CBEEAB8028A439F300CD65EB /* Sources */ = {
			isa = PBXSourcesBuildPhase;
			buildActionMask = 2147483647;
			files = (
			);
			runOnlyForDeploymentPostprocessing = 0;
		};
/* End PBXSourcesBuildPhase section */

/* Begin PBXTargetDependency section */
		CBA6D98828A9219B00BB4757 /* PBXTargetDependency */ = {
			isa = PBXTargetDependency;
			target = CBEEAB7B28A439F300CD65EB /* TopStoriesFeed */;
			targetProxy = CBA6D98728A9219B00BB4757 /* PBXContainerItemProxy */;
		};
		CBA6D9F028AA7B1500BB4757 /* PBXTargetDependency */ = {
			isa = PBXTargetDependency;
			target = CBA6D9E528AA7B1400BB4757 /* TopStoriesFeediOS */;
			targetProxy = CBA6D9EF28AA7B1500BB4757 /* PBXContainerItemProxy */;
		};
		CBA6DA0128AA8AC800BB4757 /* PBXTargetDependency */ = {
			isa = PBXTargetDependency;
			platformFilter = ios;
			target = CBEEAB7B28A439F300CD65EB /* TopStoriesFeed */;
			targetProxy = CBA6DA0028AA8AC800BB4757 /* PBXContainerItemProxy */;
		};
		CBEEAB8728A439F300CD65EB /* PBXTargetDependency */ = {
			isa = PBXTargetDependency;
			target = CBEEAB7B28A439F300CD65EB /* TopStoriesFeed */;
			targetProxy = CBEEAB8628A439F300CD65EB /* PBXContainerItemProxy */;
		};
/* End PBXTargetDependency section */

/* Begin PBXVariantGroup section */
		CBA6DA4E28AB10B500BB4757 /* Feed.strings */ = {
			isa = PBXVariantGroup;
			children = (
				CBA6DA4D28AB10B500BB4757 /* en */,
				CBA6DA4F28AB10B800BB4757 /* de */,
			);
			name = Feed.strings;
			sourceTree = "<group>";
		};
/* End PBXVariantGroup section */

/* Begin XCBuildConfiguration section */
		CBA6D98A28A9219B00BB4757 /* Debug */ = {
			isa = XCBuildConfiguration;
			buildSettings = {
				CODE_SIGN_STYLE = Automatic;
				CURRENT_PROJECT_VERSION = 1;
				DEVELOPMENT_TEAM = 64BD3MXBAX;
				GENERATE_INFOPLIST_FILE = YES;
				MARKETING_VERSION = 1.0;
				PRODUCT_BUNDLE_IDENTIFIER = com.aymen.TopStoriesFeedAPIEndToEndTests;
				PRODUCT_NAME = "$(TARGET_NAME)";
				SWIFT_EMIT_LOC_STRINGS = NO;
				SWIFT_VERSION = 5.0;
			};
			name = Debug;
		};
		CBA6D98B28A9219B00BB4757 /* Release */ = {
			isa = XCBuildConfiguration;
			buildSettings = {
				CODE_SIGN_STYLE = Automatic;
				CURRENT_PROJECT_VERSION = 1;
				DEVELOPMENT_TEAM = 64BD3MXBAX;
				GENERATE_INFOPLIST_FILE = YES;
				MARKETING_VERSION = 1.0;
				PRODUCT_BUNDLE_IDENTIFIER = com.aymen.TopStoriesFeedAPIEndToEndTests;
				PRODUCT_NAME = "$(TARGET_NAME)";
				SWIFT_EMIT_LOC_STRINGS = NO;
				SWIFT_VERSION = 5.0;
			};
			name = Release;
		};
		CBA6D9F628AA7B1500BB4757 /* Debug */ = {
			isa = XCBuildConfiguration;
			buildSettings = {
				CLANG_ENABLE_MODULES = YES;
				CODE_SIGN_STYLE = Automatic;
				CURRENT_PROJECT_VERSION = 1;
				DEFINES_MODULE = YES;
				DEVELOPMENT_TEAM = 64BD3MXBAX;
				DYLIB_COMPATIBILITY_VERSION = 1;
				DYLIB_CURRENT_VERSION = 1;
				DYLIB_INSTALL_NAME_BASE = "@rpath";
				GENERATE_INFOPLIST_FILE = YES;
				INFOPLIST_KEY_NSHumanReadableCopyright = "";
				INSTALL_PATH = "$(LOCAL_LIBRARY_DIR)/Frameworks";
				IPHONEOS_DEPLOYMENT_TARGET = 15.5;
				LD_RUNPATH_SEARCH_PATHS = (
					"$(inherited)",
					"@executable_path/Frameworks",
					"@loader_path/Frameworks",
				);
				MARKETING_VERSION = 1.0;
				PRODUCT_BUNDLE_IDENTIFIER = com.aymen.TopStoriesFeediOS;
				PRODUCT_NAME = "$(TARGET_NAME:c99extidentifier)";
				SDKROOT = iphoneos;
				SKIP_INSTALL = YES;
				SWIFT_EMIT_LOC_STRINGS = YES;
				SWIFT_OPTIMIZATION_LEVEL = "-Onone";
				SWIFT_VERSION = 5.0;
				TARGETED_DEVICE_FAMILY = "1,2";
			};
			name = Debug;
		};
		CBA6D9F728AA7B1500BB4757 /* Release */ = {
			isa = XCBuildConfiguration;
			buildSettings = {
				CLANG_ENABLE_MODULES = YES;
				CODE_SIGN_STYLE = Automatic;
				CURRENT_PROJECT_VERSION = 1;
				DEFINES_MODULE = YES;
				DEVELOPMENT_TEAM = 64BD3MXBAX;
				DYLIB_COMPATIBILITY_VERSION = 1;
				DYLIB_CURRENT_VERSION = 1;
				DYLIB_INSTALL_NAME_BASE = "@rpath";
				GENERATE_INFOPLIST_FILE = YES;
				INFOPLIST_KEY_NSHumanReadableCopyright = "";
				INSTALL_PATH = "$(LOCAL_LIBRARY_DIR)/Frameworks";
				IPHONEOS_DEPLOYMENT_TARGET = 15.5;
				LD_RUNPATH_SEARCH_PATHS = (
					"$(inherited)",
					"@executable_path/Frameworks",
					"@loader_path/Frameworks",
				);
				MARKETING_VERSION = 1.0;
				PRODUCT_BUNDLE_IDENTIFIER = com.aymen.TopStoriesFeediOS;
				PRODUCT_NAME = "$(TARGET_NAME:c99extidentifier)";
				SDKROOT = iphoneos;
				SKIP_INSTALL = YES;
				SWIFT_EMIT_LOC_STRINGS = YES;
				SWIFT_VERSION = 5.0;
				TARGETED_DEVICE_FAMILY = "1,2";
				VALIDATE_PRODUCT = YES;
			};
			name = Release;
		};
		CBA6D9F928AA7B1500BB4757 /* Debug */ = {
			isa = XCBuildConfiguration;
			buildSettings = {
				ALWAYS_EMBED_SWIFT_STANDARD_LIBRARIES = YES;
				CODE_SIGN_STYLE = Automatic;
				CURRENT_PROJECT_VERSION = 1;
				DEVELOPMENT_TEAM = 64BD3MXBAX;
				GENERATE_INFOPLIST_FILE = YES;
				IPHONEOS_DEPLOYMENT_TARGET = 15.5;
				MARKETING_VERSION = 1.0;
				PRODUCT_BUNDLE_IDENTIFIER = com.aymen.TopStoriesFeediOSTests;
				PRODUCT_NAME = "$(TARGET_NAME)";
				SDKROOT = iphoneos;
				SWIFT_EMIT_LOC_STRINGS = NO;
				SWIFT_VERSION = 5.0;
				TARGETED_DEVICE_FAMILY = "1,2";
			};
			name = Debug;
		};
		CBA6D9FA28AA7B1500BB4757 /* Release */ = {
			isa = XCBuildConfiguration;
			buildSettings = {
				ALWAYS_EMBED_SWIFT_STANDARD_LIBRARIES = YES;
				CODE_SIGN_STYLE = Automatic;
				CURRENT_PROJECT_VERSION = 1;
				DEVELOPMENT_TEAM = 64BD3MXBAX;
				GENERATE_INFOPLIST_FILE = YES;
				IPHONEOS_DEPLOYMENT_TARGET = 15.5;
				MARKETING_VERSION = 1.0;
				PRODUCT_BUNDLE_IDENTIFIER = com.aymen.TopStoriesFeediOSTests;
				PRODUCT_NAME = "$(TARGET_NAME)";
				SDKROOT = iphoneos;
				SWIFT_EMIT_LOC_STRINGS = NO;
				SWIFT_VERSION = 5.0;
				TARGETED_DEVICE_FAMILY = "1,2";
				VALIDATE_PRODUCT = YES;
			};
			name = Release;
		};
		CBEEAB8C28A439F300CD65EB /* Debug */ = {
			isa = XCBuildConfiguration;
			buildSettings = {
				ALWAYS_SEARCH_USER_PATHS = NO;
				CLANG_ANALYZER_LOCALIZABILITY_NONLOCALIZED = YES;
				CLANG_ANALYZER_NONNULL = YES;
				CLANG_ANALYZER_NUMBER_OBJECT_CONVERSION = YES_AGGRESSIVE;
				CLANG_CXX_LANGUAGE_STANDARD = "gnu++17";
				CLANG_ENABLE_MODULES = YES;
				CLANG_ENABLE_OBJC_ARC = YES;
				CLANG_ENABLE_OBJC_WEAK = YES;
				CLANG_WARN_BLOCK_CAPTURE_AUTORELEASING = YES;
				CLANG_WARN_BOOL_CONVERSION = YES;
				CLANG_WARN_COMMA = YES;
				CLANG_WARN_CONSTANT_CONVERSION = YES;
				CLANG_WARN_DEPRECATED_OBJC_IMPLEMENTATIONS = YES;
				CLANG_WARN_DIRECT_OBJC_ISA_USAGE = YES_ERROR;
				CLANG_WARN_DOCUMENTATION_COMMENTS = YES;
				CLANG_WARN_EMPTY_BODY = YES;
				CLANG_WARN_ENUM_CONVERSION = YES;
				CLANG_WARN_INFINITE_RECURSION = YES;
				CLANG_WARN_INT_CONVERSION = YES;
				CLANG_WARN_NON_LITERAL_NULL_CONVERSION = YES;
				CLANG_WARN_OBJC_IMPLICIT_RETAIN_SELF = YES;
				CLANG_WARN_OBJC_LITERAL_CONVERSION = YES;
				CLANG_WARN_OBJC_ROOT_CLASS = YES_ERROR;
				CLANG_WARN_QUOTED_INCLUDE_IN_FRAMEWORK_HEADER = YES;
				CLANG_WARN_RANGE_LOOP_ANALYSIS = YES;
				CLANG_WARN_STRICT_PROTOTYPES = YES;
				CLANG_WARN_SUSPICIOUS_MOVE = YES;
				CLANG_WARN_UNGUARDED_AVAILABILITY = YES_AGGRESSIVE;
				CLANG_WARN_UNREACHABLE_CODE = YES;
				CLANG_WARN__DUPLICATE_METHOD_MATCH = YES;
				COPY_PHASE_STRIP = NO;
				CURRENT_PROJECT_VERSION = 1;
				DEBUG_INFORMATION_FORMAT = dwarf;
				ENABLE_STRICT_OBJC_MSGSEND = YES;
				ENABLE_TESTABILITY = YES;
				GCC_C_LANGUAGE_STANDARD = gnu11;
				GCC_DYNAMIC_NO_PIC = NO;
				GCC_NO_COMMON_BLOCKS = YES;
				GCC_OPTIMIZATION_LEVEL = 0;
				GCC_PREPROCESSOR_DEFINITIONS = (
					"DEBUG=1",
					"$(inherited)",
				);
				GCC_WARN_64_TO_32_BIT_CONVERSION = YES;
				GCC_WARN_ABOUT_RETURN_TYPE = YES_ERROR;
				GCC_WARN_UNDECLARED_SELECTOR = YES;
				GCC_WARN_UNINITIALIZED_AUTOS = YES_AGGRESSIVE;
				GCC_WARN_UNUSED_FUNCTION = YES;
				GCC_WARN_UNUSED_VARIABLE = YES;
				MACOSX_DEPLOYMENT_TARGET = 12.0;
				MTL_ENABLE_DEBUG_INFO = INCLUDE_SOURCE;
				MTL_FAST_MATH = YES;
				ONLY_ACTIVE_ARCH = YES;
				SDKROOT = macosx;
				SWIFT_ACTIVE_COMPILATION_CONDITIONS = DEBUG;
				SWIFT_OPTIMIZATION_LEVEL = "-Onone";
				VERSIONING_SYSTEM = "apple-generic";
				VERSION_INFO_PREFIX = "";
			};
			name = Debug;
		};
		CBEEAB8D28A439F300CD65EB /* Release */ = {
			isa = XCBuildConfiguration;
			buildSettings = {
				ALWAYS_SEARCH_USER_PATHS = NO;
				CLANG_ANALYZER_LOCALIZABILITY_NONLOCALIZED = YES;
				CLANG_ANALYZER_NONNULL = YES;
				CLANG_ANALYZER_NUMBER_OBJECT_CONVERSION = YES_AGGRESSIVE;
				CLANG_CXX_LANGUAGE_STANDARD = "gnu++17";
				CLANG_ENABLE_MODULES = YES;
				CLANG_ENABLE_OBJC_ARC = YES;
				CLANG_ENABLE_OBJC_WEAK = YES;
				CLANG_WARN_BLOCK_CAPTURE_AUTORELEASING = YES;
				CLANG_WARN_BOOL_CONVERSION = YES;
				CLANG_WARN_COMMA = YES;
				CLANG_WARN_CONSTANT_CONVERSION = YES;
				CLANG_WARN_DEPRECATED_OBJC_IMPLEMENTATIONS = YES;
				CLANG_WARN_DIRECT_OBJC_ISA_USAGE = YES_ERROR;
				CLANG_WARN_DOCUMENTATION_COMMENTS = YES;
				CLANG_WARN_EMPTY_BODY = YES;
				CLANG_WARN_ENUM_CONVERSION = YES;
				CLANG_WARN_INFINITE_RECURSION = YES;
				CLANG_WARN_INT_CONVERSION = YES;
				CLANG_WARN_NON_LITERAL_NULL_CONVERSION = YES;
				CLANG_WARN_OBJC_IMPLICIT_RETAIN_SELF = YES;
				CLANG_WARN_OBJC_LITERAL_CONVERSION = YES;
				CLANG_WARN_OBJC_ROOT_CLASS = YES_ERROR;
				CLANG_WARN_QUOTED_INCLUDE_IN_FRAMEWORK_HEADER = YES;
				CLANG_WARN_RANGE_LOOP_ANALYSIS = YES;
				CLANG_WARN_STRICT_PROTOTYPES = YES;
				CLANG_WARN_SUSPICIOUS_MOVE = YES;
				CLANG_WARN_UNGUARDED_AVAILABILITY = YES_AGGRESSIVE;
				CLANG_WARN_UNREACHABLE_CODE = YES;
				CLANG_WARN__DUPLICATE_METHOD_MATCH = YES;
				COPY_PHASE_STRIP = NO;
				CURRENT_PROJECT_VERSION = 1;
				DEBUG_INFORMATION_FORMAT = "dwarf-with-dsym";
				ENABLE_NS_ASSERTIONS = NO;
				ENABLE_STRICT_OBJC_MSGSEND = YES;
				GCC_C_LANGUAGE_STANDARD = gnu11;
				GCC_NO_COMMON_BLOCKS = YES;
				GCC_WARN_64_TO_32_BIT_CONVERSION = YES;
				GCC_WARN_ABOUT_RETURN_TYPE = YES_ERROR;
				GCC_WARN_UNDECLARED_SELECTOR = YES;
				GCC_WARN_UNINITIALIZED_AUTOS = YES_AGGRESSIVE;
				GCC_WARN_UNUSED_FUNCTION = YES;
				GCC_WARN_UNUSED_VARIABLE = YES;
				MACOSX_DEPLOYMENT_TARGET = 12.0;
				MTL_ENABLE_DEBUG_INFO = NO;
				MTL_FAST_MATH = YES;
				SDKROOT = macosx;
				SWIFT_COMPILATION_MODE = wholemodule;
				SWIFT_OPTIMIZATION_LEVEL = "-O";
				VERSIONING_SYSTEM = "apple-generic";
				VERSION_INFO_PREFIX = "";
			};
			name = Release;
		};
		CBEEAB8F28A439F300CD65EB /* Debug */ = {
			isa = XCBuildConfiguration;
			buildSettings = {
				CLANG_ENABLE_MODULES = YES;
				CODE_SIGN_STYLE = Automatic;
				COMBINE_HIDPI_IMAGES = YES;
				CURRENT_PROJECT_VERSION = 1;
				DEFINES_MODULE = YES;
				DEVELOPMENT_TEAM = 64BD3MXBAX;
				DYLIB_COMPATIBILITY_VERSION = 1;
				DYLIB_CURRENT_VERSION = 1;
				DYLIB_INSTALL_NAME_BASE = "@rpath";
				GENERATE_INFOPLIST_FILE = YES;
				INFOPLIST_KEY_NSHumanReadableCopyright = "";
				INSTALL_PATH = "$(LOCAL_LIBRARY_DIR)/Frameworks";
				LD_RUNPATH_SEARCH_PATHS = (
					"$(inherited)",
					"@executable_path/../Frameworks",
					"@loader_path/Frameworks",
				);
				MARKETING_VERSION = 1.0;
				PRODUCT_BUNDLE_IDENTIFIER = com.aymen.TopStoriesFeed;
				PRODUCT_NAME = "$(TARGET_NAME:c99extidentifier)";
				SKIP_INSTALL = YES;
				SUPPORTED_PLATFORMS = "macosx iphonesimulator iphoneos";
				SWIFT_EMIT_LOC_STRINGS = YES;
				SWIFT_OPTIMIZATION_LEVEL = "-Onone";
				SWIFT_VERSION = 5.0;
			};
			name = Debug;
		};
		CBEEAB9028A439F300CD65EB /* Release */ = {
			isa = XCBuildConfiguration;
			buildSettings = {
				CLANG_ENABLE_MODULES = YES;
				CODE_SIGN_STYLE = Automatic;
				COMBINE_HIDPI_IMAGES = YES;
				CURRENT_PROJECT_VERSION = 1;
				DEFINES_MODULE = YES;
				DEVELOPMENT_TEAM = 64BD3MXBAX;
				DYLIB_COMPATIBILITY_VERSION = 1;
				DYLIB_CURRENT_VERSION = 1;
				DYLIB_INSTALL_NAME_BASE = "@rpath";
				GENERATE_INFOPLIST_FILE = YES;
				INFOPLIST_KEY_NSHumanReadableCopyright = "";
				INSTALL_PATH = "$(LOCAL_LIBRARY_DIR)/Frameworks";
				LD_RUNPATH_SEARCH_PATHS = (
					"$(inherited)",
					"@executable_path/../Frameworks",
					"@loader_path/Frameworks",
				);
				MARKETING_VERSION = 1.0;
				PRODUCT_BUNDLE_IDENTIFIER = com.aymen.TopStoriesFeed;
				PRODUCT_NAME = "$(TARGET_NAME:c99extidentifier)";
				SKIP_INSTALL = YES;
				SUPPORTED_PLATFORMS = "macosx iphonesimulator iphoneos";
				SWIFT_EMIT_LOC_STRINGS = YES;
				SWIFT_VERSION = 5.0;
			};
			name = Release;
		};
		CBEEAB9228A439F300CD65EB /* Debug */ = {
			isa = XCBuildConfiguration;
			buildSettings = {
				ALWAYS_EMBED_SWIFT_STANDARD_LIBRARIES = YES;
				CODE_SIGN_STYLE = Automatic;
				CURRENT_PROJECT_VERSION = 1;
				DEVELOPMENT_TEAM = 64BD3MXBAX;
				GENERATE_INFOPLIST_FILE = YES;
				MARKETING_VERSION = 1.0;
				PRODUCT_BUNDLE_IDENTIFIER = com.aymen.TopStoriesFeedTests;
				PRODUCT_NAME = "$(TARGET_NAME)";
				SUPPORTED_PLATFORMS = "macosx iphonesimulator iphoneos";
				SWIFT_EMIT_LOC_STRINGS = NO;
				SWIFT_VERSION = 5.0;
			};
			name = Debug;
		};
		CBEEAB9328A439F300CD65EB /* Release */ = {
			isa = XCBuildConfiguration;
			buildSettings = {
				ALWAYS_EMBED_SWIFT_STANDARD_LIBRARIES = YES;
				CODE_SIGN_STYLE = Automatic;
				CURRENT_PROJECT_VERSION = 1;
				DEVELOPMENT_TEAM = 64BD3MXBAX;
				GENERATE_INFOPLIST_FILE = YES;
				MARKETING_VERSION = 1.0;
				PRODUCT_BUNDLE_IDENTIFIER = com.aymen.TopStoriesFeedTests;
				PRODUCT_NAME = "$(TARGET_NAME)";
				SUPPORTED_PLATFORMS = "macosx iphonesimulator iphoneos";
				SWIFT_EMIT_LOC_STRINGS = NO;
				SWIFT_VERSION = 5.0;
			};
			name = Release;
		};
/* End XCBuildConfiguration section */

/* Begin XCConfigurationList section */
		CBA6D98928A9219B00BB4757 /* Build configuration list for PBXNativeTarget "TopStoriesFeedAPIEndToEndTests" */ = {
			isa = XCConfigurationList;
			buildConfigurations = (
				CBA6D98A28A9219B00BB4757 /* Debug */,
				CBA6D98B28A9219B00BB4757 /* Release */,
			);
			defaultConfigurationIsVisible = 0;
			defaultConfigurationName = Release;
		};
		CBA6D9F528AA7B1500BB4757 /* Build configuration list for PBXNativeTarget "TopStoriesFeediOS" */ = {
			isa = XCConfigurationList;
			buildConfigurations = (
				CBA6D9F628AA7B1500BB4757 /* Debug */,
				CBA6D9F728AA7B1500BB4757 /* Release */,
			);
			defaultConfigurationIsVisible = 0;
			defaultConfigurationName = Release;
		};
		CBA6D9F828AA7B1500BB4757 /* Build configuration list for PBXNativeTarget "TopStoriesFeediOSTests" */ = {
			isa = XCConfigurationList;
			buildConfigurations = (
				CBA6D9F928AA7B1500BB4757 /* Debug */,
				CBA6D9FA28AA7B1500BB4757 /* Release */,
			);
			defaultConfigurationIsVisible = 0;
			defaultConfigurationName = Release;
		};
		CBEEAB7628A439F300CD65EB /* Build configuration list for PBXProject "TopStoriesFeed" */ = {
			isa = XCConfigurationList;
			buildConfigurations = (
				CBEEAB8C28A439F300CD65EB /* Debug */,
				CBEEAB8D28A439F300CD65EB /* Release */,
			);
			defaultConfigurationIsVisible = 0;
			defaultConfigurationName = Release;
		};
		CBEEAB8E28A439F300CD65EB /* Build configuration list for PBXNativeTarget "TopStoriesFeed" */ = {
			isa = XCConfigurationList;
			buildConfigurations = (
				CBEEAB8F28A439F300CD65EB /* Debug */,
				CBEEAB9028A439F300CD65EB /* Release */,
			);
			defaultConfigurationIsVisible = 0;
			defaultConfigurationName = Release;
		};
		CBEEAB9128A439F300CD65EB /* Build configuration list for PBXNativeTarget "TopStoriesFeedTests" */ = {
			isa = XCConfigurationList;
			buildConfigurations = (
				CBEEAB9228A439F300CD65EB /* Debug */,
				CBEEAB9328A439F300CD65EB /* Release */,
			);
			defaultConfigurationIsVisible = 0;
			defaultConfigurationName = Release;
		};
/* End XCConfigurationList section */
	};
	rootObject = CBEEAB7328A439F300CD65EB /* Project object */;
}
