// !$*UTF8*$!
{
	archiveVersion = 1;
	classes = {
	};
	objectVersion = 55;
	objects = {

/* Begin PBXBuildFile section */
		CBA6D97328A7E50D00BB4757 /* HTTPClient.swift in Sources */ = {isa = PBXBuildFile; fileRef = CBA6D97228A7E50D00BB4757 /* HTTPClient.swift */; };
		CBA6D97528A7E56F00BB4757 /* FeedItemsMapper.swift in Sources */ = {isa = PBXBuildFile; fileRef = CBA6D97428A7E56F00BB4757 /* FeedItemsMapper.swift */; };
		CBA6D97828A8119100BB4757 /* URLSessionHTTPClientTests.swift in Sources */ = {isa = PBXBuildFile; fileRef = CBA6D97728A8119100BB4757 /* URLSessionHTTPClientTests.swift */; };
		CBA6D97B28A8436F00BB4757 /* XCTestCase+MemoryLeakTracking.swift in Sources */ = {isa = PBXBuildFile; fileRef = CBA6D97A28A8436F00BB4757 /* XCTestCase+MemoryLeakTracking.swift */; };
		CBA6D97D28A8559A00BB4757 /* URLSessionHTTPClient.swift in Sources */ = {isa = PBXBuildFile; fileRef = CBA6D97C28A8559A00BB4757 /* URLSessionHTTPClient.swift */; };
		CBA6D98528A9219B00BB4757 /* TopStoriesFeedAPIEndToEndTests.swift in Sources */ = {isa = PBXBuildFile; fileRef = CBA6D98428A9219B00BB4757 /* TopStoriesFeedAPIEndToEndTests.swift */; };
		CBA6D98628A9219B00BB4757 /* TopStoriesFeed.framework in Frameworks */ = {isa = PBXBuildFile; fileRef = CBEEAB7C28A439F300CD65EB /* TopStoriesFeed.framework */; };
		CBA6D98C28A9294A00BB4757 /* XCTestCase+MemoryLeakTracking.swift in Sources */ = {isa = PBXBuildFile; fileRef = CBA6D97A28A8436F00BB4757 /* XCTestCase+MemoryLeakTracking.swift */; };
		CBA6D98F28A9469A00BB4757 /* CacheFeedUseCaseTests.swift in Sources */ = {isa = PBXBuildFile; fileRef = CBA6D98E28A9469A00BB4757 /* CacheFeedUseCaseTests.swift */; };
		CBA6D99228A94E2F00BB4757 /* LocalFeedLoader.swift in Sources */ = {isa = PBXBuildFile; fileRef = CBA6D99128A94E2F00BB4757 /* LocalFeedLoader.swift */; };
		CBA6D99428A94E6900BB4757 /* FeedStore.swift in Sources */ = {isa = PBXBuildFile; fileRef = CBA6D99328A94E6900BB4757 /* FeedStore.swift */; };
		CBA6D99628A9597900BB4757 /* RemoteFeedItem.swift in Sources */ = {isa = PBXBuildFile; fileRef = CBA6D99528A9597900BB4757 /* RemoteFeedItem.swift */; };
		CBA6D99828A959AF00BB4757 /* LocalFeedImage.swift in Sources */ = {isa = PBXBuildFile; fileRef = CBA6D99728A959AF00BB4757 /* LocalFeedImage.swift */; };
		CBA6D99A28A9815600BB4757 /* FeedCachePolicy.swift in Sources */ = {isa = PBXBuildFile; fileRef = CBA6D99928A9815600BB4757 /* FeedCachePolicy.swift */; };
		CBA6D99C28A992B400BB4757 /* CodableFeedStore.swift in Sources */ = {isa = PBXBuildFile; fileRef = CBA6D99B28A992B400BB4757 /* CodableFeedStore.swift */; };
		CBA6D9EE28AA7B1500BB4757 /* TopStoriesFeediOS.framework in Frameworks */ = {isa = PBXBuildFile; fileRef = CBA6D9E628AA7B1400BB4757 /* TopStoriesFeediOS.framework */; };
		CBA6D9F328AA7B1500BB4757 /* TopStoriesFeediOSTests.swift in Sources */ = {isa = PBXBuildFile; fileRef = CBA6D9F228AA7B1500BB4757 /* TopStoriesFeediOSTests.swift */; };
		CBA6D9F428AA7B1500BB4757 /* TopStoriesFeediOS.h in Headers */ = {isa = PBXBuildFile; fileRef = CBA6D9E828AA7B1400BB4757 /* TopStoriesFeediOS.h */; settings = {ATTRIBUTES = (Public, ); }; };
		CBA6D9FC28AA86AC00BB4757 /* FeedViewControllerTests.swift in Sources */ = {isa = PBXBuildFile; fileRef = CBA6D9FB28AA86AC00BB4757 /* FeedViewControllerTests.swift */; };
		CBA6D9FE28AA8AC800BB4757 /* TopStoriesFeed.framework in Frameworks */ = {isa = PBXBuildFile; fileRef = CBEEAB7C28A439F300CD65EB /* TopStoriesFeed.framework */; platformFilter = ios; };
		CBA6D9FF28AA8AC800BB4757 /* TopStoriesFeed.framework in Embed Frameworks */ = {isa = PBXBuildFile; fileRef = CBEEAB7C28A439F300CD65EB /* TopStoriesFeed.framework */; platformFilter = ios; settings = {ATTRIBUTES = (CodeSignOnCopy, RemoveHeadersOnCopy, ); }; };
		CBEEAB8528A439F300CD65EB /* TopStoriesFeed.framework in Frameworks */ = {isa = PBXBuildFile; fileRef = CBEEAB7C28A439F300CD65EB /* TopStoriesFeed.framework */; };
		CBEEAB8A28A439F300CD65EB /* TopStoriesFeedTests.swift in Sources */ = {isa = PBXBuildFile; fileRef = CBEEAB8928A439F300CD65EB /* TopStoriesFeedTests.swift */; };
		CBEEAB8B28A439F300CD65EB /* TopStoriesFeed.h in Headers */ = {isa = PBXBuildFile; fileRef = CBEEAB7F28A439F300CD65EB /* TopStoriesFeed.h */; settings = {ATTRIBUTES = (Public, ); }; };
		CBEEAB9528A44D7A00CD65EB /* FeedItem.swift in Sources */ = {isa = PBXBuildFile; fileRef = CBEEAB9428A44D7900CD65EB /* FeedItem.swift */; };
		CBEEAB9728A4557200CD65EB /* FeedLoader.swift in Sources */ = {isa = PBXBuildFile; fileRef = CBEEAB9628A4557200CD65EB /* FeedLoader.swift */; };
		CBEEAB9B28A455D400CD65EB /* RemoteFeedLoader.swift in Sources */ = {isa = PBXBuildFile; fileRef = CBEEAB9A28A455D400CD65EB /* RemoteFeedLoader.swift */; };
		CBEEAB9D28A4577F00CD65EB /* LoadFeedFromRemoteUseCaseTests.swift in Sources */ = {isa = PBXBuildFile; fileRef = CBEEAB9C28A4577F00CD65EB /* LoadFeedFromRemoteUseCaseTests.swift */; };
/* End PBXBuildFile section */

/* Begin PBXContainerItemProxy section */
		CBA6D98728A9219B00BB4757 /* PBXContainerItemProxy */ = {
			isa = PBXContainerItemProxy;
			containerPortal = CBEEAB7328A439F300CD65EB /* Project object */;
			proxyType = 1;
			remoteGlobalIDString = CBEEAB7B28A439F300CD65EB;
			remoteInfo = TopStoriesFeed;
		};
		CBA6D9EF28AA7B1500BB4757 /* PBXContainerItemProxy */ = {
			isa = PBXContainerItemProxy;
			containerPortal = CBEEAB7328A439F300CD65EB /* Project object */;
			proxyType = 1;
			remoteGlobalIDString = CBA6D9E528AA7B1400BB4757;
			remoteInfo = TopStoriesFeediOS;
		};
		CBA6DA0028AA8AC800BB4757 /* PBXContainerItemProxy */ = {
			isa = PBXContainerItemProxy;
			containerPortal = CBEEAB7328A439F300CD65EB /* Project object */;
			proxyType = 1;
			remoteGlobalIDString = CBEEAB7B28A439F300CD65EB;
			remoteInfo = TopStoriesFeed;
		};
		CBEEAB8628A439F300CD65EB /* PBXContainerItemProxy */ = {
			isa = PBXContainerItemProxy;
			containerPortal = CBEEAB7328A439F300CD65EB /* Project object */;
			proxyType = 1;
			remoteGlobalIDString = CBEEAB7B28A439F300CD65EB;
			remoteInfo = TopStoriesFeed;
		};
/* End PBXContainerItemProxy section */

/* Begin PBXCopyFilesBuildPhase section */
		CBA6DA0228AA8AC800BB4757 /* Embed Frameworks */ = {
			isa = PBXCopyFilesBuildPhase;
			buildActionMask = 2147483647;
			dstPath = "";
			dstSubfolderSpec = 10;
			files = (
				CBA6D9FF28AA8AC800BB4757 /* TopStoriesFeed.framework in Embed Frameworks */,
			);
			name = "Embed Frameworks";
			runOnlyForDeploymentPostprocessing = 0;
		};
/* End PBXCopyFilesBuildPhase section */

/* Begin PBXFileReference section */
		CBA6D97228A7E50D00BB4757 /* HTTPClient.swift */ = {isa = PBXFileReference; lastKnownFileType = sourcecode.swift; path = HTTPClient.swift; sourceTree = "<group>"; };
		CBA6D97428A7E56F00BB4757 /* FeedItemsMapper.swift */ = {isa = PBXFileReference; lastKnownFileType = sourcecode.swift; path = FeedItemsMapper.swift; sourceTree = "<group>"; };
		CBA6D97728A8119100BB4757 /* URLSessionHTTPClientTests.swift */ = {isa = PBXFileReference; lastKnownFileType = sourcecode.swift; path = URLSessionHTTPClientTests.swift; sourceTree = "<group>"; };
		CBA6D97A28A8436F00BB4757 /* XCTestCase+MemoryLeakTracking.swift */ = {isa = PBXFileReference; lastKnownFileType = sourcecode.swift; path = "XCTestCase+MemoryLeakTracking.swift"; sourceTree = "<group>"; };
		CBA6D97C28A8559A00BB4757 /* URLSessionHTTPClient.swift */ = {isa = PBXFileReference; lastKnownFileType = sourcecode.swift; path = URLSessionHTTPClient.swift; sourceTree = "<group>"; };
		CBA6D98228A9219B00BB4757 /* TopStoriesFeedAPIEndToEndTests.xctest */ = {isa = PBXFileReference; explicitFileType = wrapper.cfbundle; includeInIndex = 0; path = TopStoriesFeedAPIEndToEndTests.xctest; sourceTree = BUILT_PRODUCTS_DIR; };
		CBA6D98428A9219B00BB4757 /* TopStoriesFeedAPIEndToEndTests.swift */ = {isa = PBXFileReference; lastKnownFileType = sourcecode.swift; path = TopStoriesFeedAPIEndToEndTests.swift; sourceTree = "<group>"; };
		CBA6D98E28A9469A00BB4757 /* CacheFeedUseCaseTests.swift */ = {isa = PBXFileReference; lastKnownFileType = sourcecode.swift; path = CacheFeedUseCaseTests.swift; sourceTree = "<group>"; };
		CBA6D99128A94E2F00BB4757 /* LocalFeedLoader.swift */ = {isa = PBXFileReference; lastKnownFileType = sourcecode.swift; path = LocalFeedLoader.swift; sourceTree = "<group>"; };
		CBA6D99328A94E6900BB4757 /* FeedStore.swift */ = {isa = PBXFileReference; lastKnownFileType = sourcecode.swift; path = FeedStore.swift; sourceTree = "<group>"; };
		CBA6D99528A9597900BB4757 /* RemoteFeedItem.swift */ = {isa = PBXFileReference; lastKnownFileType = sourcecode.swift; path = RemoteFeedItem.swift; sourceTree = "<group>"; };
		CBA6D99728A959AF00BB4757 /* LocalFeedImage.swift */ = {isa = PBXFileReference; lastKnownFileType = sourcecode.swift; path = LocalFeedImage.swift; sourceTree = "<group>"; };
		CBA6D99928A9815600BB4757 /* FeedCachePolicy.swift */ = {isa = PBXFileReference; lastKnownFileType = sourcecode.swift; path = FeedCachePolicy.swift; sourceTree = "<group>"; };
		CBA6D99B28A992B400BB4757 /* CodableFeedStore.swift */ = {isa = PBXFileReference; lastKnownFileType = sourcecode.swift; path = CodableFeedStore.swift; sourceTree = "<group>"; };
		CBA6D9E628AA7B1400BB4757 /* TopStoriesFeediOS.framework */ = {isa = PBXFileReference; explicitFileType = wrapper.framework; includeInIndex = 0; path = TopStoriesFeediOS.framework; sourceTree = BUILT_PRODUCTS_DIR; };
		CBA6D9E828AA7B1400BB4757 /* TopStoriesFeediOS.h */ = {isa = PBXFileReference; lastKnownFileType = sourcecode.c.h; path = TopStoriesFeediOS.h; sourceTree = "<group>"; };
		CBA6D9ED28AA7B1500BB4757 /* TopStoriesFeediOSTests.xctest */ = {isa = PBXFileReference; explicitFileType = wrapper.cfbundle; includeInIndex = 0; path = TopStoriesFeediOSTests.xctest; sourceTree = BUILT_PRODUCTS_DIR; };
		CBA6D9F228AA7B1500BB4757 /* TopStoriesFeediOSTests.swift */ = {isa = PBXFileReference; lastKnownFileType = sourcecode.swift; path = TopStoriesFeediOSTests.swift; sourceTree = "<group>"; };
		CBA6D9FB28AA86AC00BB4757 /* FeedViewControllerTests.swift */ = {isa = PBXFileReference; lastKnownFileType = sourcecode.swift; path = FeedViewControllerTests.swift; sourceTree = "<group>"; };
		CBEEAB7C28A439F300CD65EB /* TopStoriesFeed.framework */ = {isa = PBXFileReference; explicitFileType = wrapper.framework; includeInIndex = 0; path = TopStoriesFeed.framework; sourceTree = BUILT_PRODUCTS_DIR; };
		CBEEAB7F28A439F300CD65EB /* TopStoriesFeed.h */ = {isa = PBXFileReference; lastKnownFileType = sourcecode.c.h; path = TopStoriesFeed.h; sourceTree = "<group>"; };
		CBEEAB8428A439F300CD65EB /* TopStoriesFeedTests.xctest */ = {isa = PBXFileReference; explicitFileType = wrapper.cfbundle; includeInIndex = 0; path = TopStoriesFeedTests.xctest; sourceTree = BUILT_PRODUCTS_DIR; };
		CBEEAB8928A439F300CD65EB /* TopStoriesFeedTests.swift */ = {isa = PBXFileReference; lastKnownFileType = sourcecode.swift; path = TopStoriesFeedTests.swift; sourceTree = "<group>"; };
		CBEEAB9428A44D7900CD65EB /* FeedItem.swift */ = {isa = PBXFileReference; lastKnownFileType = sourcecode.swift; path = FeedItem.swift; sourceTree = "<group>"; };
		CBEEAB9628A4557200CD65EB /* FeedLoader.swift */ = {isa = PBXFileReference; lastKnownFileType = sourcecode.swift; path = FeedLoader.swift; sourceTree = "<group>"; };
		CBEEAB9A28A455D400CD65EB /* RemoteFeedLoader.swift */ = {isa = PBXFileReference; lastKnownFileType = sourcecode.swift; path = RemoteFeedLoader.swift; sourceTree = "<group>"; };
		CBEEAB9C28A4577F00CD65EB /* LoadFeedFromRemoteUseCaseTests.swift */ = {isa = PBXFileReference; lastKnownFileType = sourcecode.swift; path = LoadFeedFromRemoteUseCaseTests.swift; sourceTree = "<group>"; };
/* End PBXFileReference section */

/* Begin PBXFrameworksBuildPhase section */
		CBA6D97F28A9219B00BB4757 /* Frameworks */ = {
			isa = PBXFrameworksBuildPhase;
			buildActionMask = 2147483647;
			files = (
				CBA6D98628A9219B00BB4757 /* TopStoriesFeed.framework in Frameworks */,
			);
			runOnlyForDeploymentPostprocessing = 0;
		};
		CBA6D9E328AA7B1400BB4757 /* Frameworks */ = {
			isa = PBXFrameworksBuildPhase;
			buildActionMask = 2147483647;
			files = (
				CBA6D9FE28AA8AC800BB4757 /* TopStoriesFeed.framework in Frameworks */,
			);
			runOnlyForDeploymentPostprocessing = 0;
		};
		CBA6D9EA28AA7B1500BB4757 /* Frameworks */ = {
			isa = PBXFrameworksBuildPhase;
			buildActionMask = 2147483647;
			files = (
				CBA6D9EE28AA7B1500BB4757 /* TopStoriesFeediOS.framework in Frameworks */,
			);
			runOnlyForDeploymentPostprocessing = 0;
		};
		CBEEAB7928A439F300CD65EB /* Frameworks */ = {
			isa = PBXFrameworksBuildPhase;
			buildActionMask = 2147483647;
			files = (
			);
			runOnlyForDeploymentPostprocessing = 0;
		};
		CBEEAB8128A439F300CD65EB /* Frameworks */ = {
			isa = PBXFrameworksBuildPhase;
			buildActionMask = 2147483647;
			files = (
				CBEEAB8528A439F300CD65EB /* TopStoriesFeed.framework in Frameworks */,
			);
			runOnlyForDeploymentPostprocessing = 0;
		};
/* End PBXFrameworksBuildPhase section */

/* Begin PBXGroup section */
		CBA6D97628A7FD8000BB4757 /* Feed API */ = {
			isa = PBXGroup;
			children = (
				CBEEAB9C28A4577F00CD65EB /* LoadFeedFromRemoteUseCaseTests.swift */,
				CBA6D97728A8119100BB4757 /* URLSessionHTTPClientTests.swift */,
			);
			path = "Feed API";
			sourceTree = "<group>";
		};
		CBA6D97928A8433500BB4757 /* Helpers */ = {
			isa = PBXGroup;
			children = (
				CBA6D97A28A8436F00BB4757 /* XCTestCase+MemoryLeakTracking.swift */,
			);
			path = Helpers;
			sourceTree = "<group>";
		};
		CBA6D98328A9219B00BB4757 /* TopStoriesFeedAPIEndToEndTests */ = {
			isa = PBXGroup;
			children = (
				CBA6D98428A9219B00BB4757 /* TopStoriesFeedAPIEndToEndTests.swift */,
			);
			path = TopStoriesFeedAPIEndToEndTests;
			sourceTree = "<group>";
		};
		CBA6D98D28A9464D00BB4757 /* Feed Cache */ = {
			isa = PBXGroup;
			children = (
				CBA6D98E28A9469A00BB4757 /* CacheFeedUseCaseTests.swift */,
			);
			path = "Feed Cache";
			sourceTree = "<group>";
		};
		CBA6D99028A94E1400BB4757 /* FeedCache */ = {
			isa = PBXGroup;
			children = (
				CBA6D99D28A9A8FA00BB4757 /* Infrastructure */,
				CBA6D99128A94E2F00BB4757 /* LocalFeedLoader.swift */,
				CBA6D99328A94E6900BB4757 /* FeedStore.swift */,
				CBA6D99728A959AF00BB4757 /* LocalFeedImage.swift */,
				CBA6D99928A9815600BB4757 /* FeedCachePolicy.swift */,
				CBA6D99B28A992B400BB4757 /* CodableFeedStore.swift */,
			);
			path = FeedCache;
			sourceTree = "<group>";
		};
		CBA6D99D28A9A8FA00BB4757 /* Infrastructure */ = {
			isa = PBXGroup;
			children = (
				CBA6D99E28A9A90400BB4757 /* CoreData */,
			);
			path = Infrastructure;
			sourceTree = "<group>";
		};
		CBA6D99E28A9A90400BB4757 /* CoreData */ = {
			isa = PBXGroup;
			children = (
			);
			path = CoreData;
			sourceTree = "<group>";
		};
		CBA6D9E728AA7B1400BB4757 /* TopStoriesFeediOS */ = {
			isa = PBXGroup;
			children = (
				CBA6D9E828AA7B1400BB4757 /* TopStoriesFeediOS.h */,
			);
			path = TopStoriesFeediOS;
			sourceTree = "<group>";
		};
		CBA6D9F128AA7B1500BB4757 /* TopStoriesFeediOSTests */ = {
			isa = PBXGroup;
			children = (
				CBA6D9F228AA7B1500BB4757 /* TopStoriesFeediOSTests.swift */,
				CBA6D9FB28AA86AC00BB4757 /* FeedViewControllerTests.swift */,
			);
			path = TopStoriesFeediOSTests;
			sourceTree = "<group>";
		};
		CBA6D9FD28AA8AC800BB4757 /* Frameworks */ = {
			isa = PBXGroup;
			children = (
			);
			name = Frameworks;
			sourceTree = "<group>";
		};
		CBEEAB7228A439F300CD65EB = {
			isa = PBXGroup;
			children = (
				CBEEAB7E28A439F300CD65EB /* TopStoriesFeed */,
				CBEEAB8828A439F300CD65EB /* TopStoriesFeedTests */,
				CBA6D98328A9219B00BB4757 /* TopStoriesFeedAPIEndToEndTests */,
				CBA6D9E728AA7B1400BB4757 /* TopStoriesFeediOS */,
				CBA6D9F128AA7B1500BB4757 /* TopStoriesFeediOSTests */,
				CBEEAB7D28A439F300CD65EB /* Products */,
				CBA6D9FD28AA8AC800BB4757 /* Frameworks */,
			);
			sourceTree = "<group>";
		};
		CBEEAB7D28A439F300CD65EB /* Products */ = {
			isa = PBXGroup;
			children = (
				CBEEAB7C28A439F300CD65EB /* TopStoriesFeed.framework */,
				CBEEAB8428A439F300CD65EB /* TopStoriesFeedTests.xctest */,
				CBA6D98228A9219B00BB4757 /* TopStoriesFeedAPIEndToEndTests.xctest */,
				CBA6D9E628AA7B1400BB4757 /* TopStoriesFeediOS.framework */,
				CBA6D9ED28AA7B1500BB4757 /* TopStoriesFeediOSTests.xctest */,
			);
			name = Products;
			sourceTree = "<group>";
		};
		CBEEAB7E28A439F300CD65EB /* TopStoriesFeed */ = {
			isa = PBXGroup;
			children = (
				CBA6D99028A94E1400BB4757 /* FeedCache */,
				CBEEAB9928A455C200CD65EB /* FeedAPI */,
				CBEEAB9828A455AF00CD65EB /* FeedFearure */,
				CBEEAB7F28A439F300CD65EB /* TopStoriesFeed.h */,
			);
			path = TopStoriesFeed;
			sourceTree = "<group>";
		};
		CBEEAB8828A439F300CD65EB /* TopStoriesFeedTests */ = {
			isa = PBXGroup;
			children = (
				CBA6D97928A8433500BB4757 /* Helpers */,
				CBA6D98D28A9464D00BB4757 /* Feed Cache */,
				CBEEAB8928A439F300CD65EB /* TopStoriesFeedTests.swift */,
				CBA6D97628A7FD8000BB4757 /* Feed API */,
			);
			path = TopStoriesFeedTests;
			sourceTree = "<group>";
		};
		CBEEAB9828A455AF00CD65EB /* FeedFearure */ = {
			isa = PBXGroup;
			children = (
				CBEEAB9428A44D7900CD65EB /* FeedItem.swift */,
				CBEEAB9628A4557200CD65EB /* FeedLoader.swift */,
			);
			path = FeedFearure;
			sourceTree = "<group>";
		};
		CBEEAB9928A455C200CD65EB /* FeedAPI */ = {
			isa = PBXGroup;
			children = (
				CBA6D97228A7E50D00BB4757 /* HTTPClient.swift */,
				CBA6D97428A7E56F00BB4757 /* FeedItemsMapper.swift */,
				CBEEAB9A28A455D400CD65EB /* RemoteFeedLoader.swift */,
				CBA6D97C28A8559A00BB4757 /* URLSessionHTTPClient.swift */,
				CBA6D99528A9597900BB4757 /* RemoteFeedItem.swift */,
			);
			path = FeedAPI;
			sourceTree = "<group>";
		};
/* End PBXGroup section */

/* Begin PBXHeadersBuildPhase section */
		CBA6D9E128AA7B1400BB4757 /* Headers */ = {
			isa = PBXHeadersBuildPhase;
			buildActionMask = 2147483647;
			files = (
				CBA6D9F428AA7B1500BB4757 /* TopStoriesFeediOS.h in Headers */,
			);
			runOnlyForDeploymentPostprocessing = 0;
		};
		CBEEAB7728A439F300CD65EB /* Headers */ = {
			isa = PBXHeadersBuildPhase;
			buildActionMask = 2147483647;
			files = (
				CBEEAB8B28A439F300CD65EB /* TopStoriesFeed.h in Headers */,
			);
			runOnlyForDeploymentPostprocessing = 0;
		};
/* End PBXHeadersBuildPhase section */

/* Begin PBXNativeTarget section */
		CBA6D98128A9219B00BB4757 /* TopStoriesFeedAPIEndToEndTests */ = {
			isa = PBXNativeTarget;
			buildConfigurationList = CBA6D98928A9219B00BB4757 /* Build configuration list for PBXNativeTarget "TopStoriesFeedAPIEndToEndTests" */;
			buildPhases = (
				CBA6D97E28A9219B00BB4757 /* Sources */,
				CBA6D97F28A9219B00BB4757 /* Frameworks */,
				CBA6D98028A9219B00BB4757 /* Resources */,
			);
			buildRules = (
			);
			dependencies = (
				CBA6D98828A9219B00BB4757 /* PBXTargetDependency */,
			);
			name = TopStoriesFeedAPIEndToEndTests;
			productName = TopStoriesFeedAPIEndToEndTests;
			productReference = CBA6D98228A9219B00BB4757 /* TopStoriesFeedAPIEndToEndTests.xctest */;
			productType = "com.apple.product-type.bundle.unit-test";
		};
		CBA6D9E528AA7B1400BB4757 /* TopStoriesFeediOS */ = {
			isa = PBXNativeTarget;
			buildConfigurationList = CBA6D9F528AA7B1500BB4757 /* Build configuration list for PBXNativeTarget "TopStoriesFeediOS" */;
			buildPhases = (
				CBA6D9E128AA7B1400BB4757 /* Headers */,
				CBA6D9E228AA7B1400BB4757 /* Sources */,
				CBA6D9E328AA7B1400BB4757 /* Frameworks */,
				CBA6D9E428AA7B1400BB4757 /* Resources */,
				CBA6DA0228AA8AC800BB4757 /* Embed Frameworks */,
			);
			buildRules = (
			);
			dependencies = (
				CBA6DA0128AA8AC800BB4757 /* PBXTargetDependency */,
			);
			name = TopStoriesFeediOS;
			productName = TopStoriesFeediOS;
			productReference = CBA6D9E628AA7B1400BB4757 /* TopStoriesFeediOS.framework */;
			productType = "com.apple.product-type.framework";
		};
		CBA6D9EC28AA7B1500BB4757 /* TopStoriesFeediOSTests */ = {
			isa = PBXNativeTarget;
			buildConfigurationList = CBA6D9F828AA7B1500BB4757 /* Build configuration list for PBXNativeTarget "TopStoriesFeediOSTests" */;
			buildPhases = (
				CBA6D9E928AA7B1500BB4757 /* Sources */,
				CBA6D9EA28AA7B1500BB4757 /* Frameworks */,
				CBA6D9EB28AA7B1500BB4757 /* Resources */,
			);
			buildRules = (
			);
			dependencies = (
				CBA6D9F028AA7B1500BB4757 /* PBXTargetDependency */,
			);
			name = TopStoriesFeediOSTests;
			productName = TopStoriesFeediOSTests;
			productReference = CBA6D9ED28AA7B1500BB4757 /* TopStoriesFeediOSTests.xctest */;
			productType = "com.apple.product-type.bundle.unit-test";
		};
		CBEEAB7B28A439F300CD65EB /* TopStoriesFeed */ = {
			isa = PBXNativeTarget;
			buildConfigurationList = CBEEAB8E28A439F300CD65EB /* Build configuration list for PBXNativeTarget "TopStoriesFeed" */;
			buildPhases = (
				CBEEAB7728A439F300CD65EB /* Headers */,
				CBEEAB7828A439F300CD65EB /* Sources */,
				CBEEAB7928A439F300CD65EB /* Frameworks */,
				CBEEAB7A28A439F300CD65EB /* Resources */,
			);
			buildRules = (
			);
			dependencies = (
			);
			name = TopStoriesFeed;
			productName = TopStoriesFeed;
			productReference = CBEEAB7C28A439F300CD65EB /* TopStoriesFeed.framework */;
			productType = "com.apple.product-type.framework";
		};
		CBEEAB8328A439F300CD65EB /* TopStoriesFeedTests */ = {
			isa = PBXNativeTarget;
			buildConfigurationList = CBEEAB9128A439F300CD65EB /* Build configuration list for PBXNativeTarget "TopStoriesFeedTests" */;
			buildPhases = (
				CBEEAB8028A439F300CD65EB /* Sources */,
				CBEEAB8128A439F300CD65EB /* Frameworks */,
				CBEEAB8228A439F300CD65EB /* Resources */,
			);
			buildRules = (
			);
			dependencies = (
				CBEEAB8728A439F300CD65EB /* PBXTargetDependency */,
			);
			name = TopStoriesFeedTests;
			productName = TopStoriesFeedTests;
			productReference = CBEEAB8428A439F300CD65EB /* TopStoriesFeedTests.xctest */;
			productType = "com.apple.product-type.bundle.unit-test";
		};
/* End PBXNativeTarget section */

/* Begin PBXProject section */
		CBEEAB7328A439F300CD65EB /* Project object */ = {
			isa = PBXProject;
			attributes = {
				BuildIndependentTargetsInParallel = 1;
				LastSwiftUpdateCheck = 1340;
				LastUpgradeCheck = 1340;
				TargetAttributes = {
					CBA6D98128A9219B00BB4757 = {
						CreatedOnToolsVersion = 13.4.1;
					};
					CBA6D9E528AA7B1400BB4757 = {
						CreatedOnToolsVersion = 13.4.1;
					};
					CBA6D9EC28AA7B1500BB4757 = {
						CreatedOnToolsVersion = 13.4.1;
					};
					CBEEAB7B28A439F300CD65EB = {
						CreatedOnToolsVersion = 13.4.1;
						LastSwiftMigration = 1340;
					};
					CBEEAB8328A439F300CD65EB = {
						CreatedOnToolsVersion = 13.4.1;
					};
				};
			};
			buildConfigurationList = CBEEAB7628A439F300CD65EB /* Build configuration list for PBXProject "TopStoriesFeed" */;
			compatibilityVersion = "Xcode 13.0";
			developmentRegion = en;
			hasScannedForEncodings = 0;
			knownRegions = (
				en,
				Base,
			);
			mainGroup = CBEEAB7228A439F300CD65EB;
			productRefGroup = CBEEAB7D28A439F300CD65EB /* Products */;
			projectDirPath = "";
			projectRoot = "";
			targets = (
				CBEEAB7B28A439F300CD65EB /* TopStoriesFeed */,
				CBEEAB8328A439F300CD65EB /* TopStoriesFeedTests */,
				CBA6D98128A9219B00BB4757 /* TopStoriesFeedAPIEndToEndTests */,
				CBA6D9E528AA7B1400BB4757 /* TopStoriesFeediOS */,
				CBA6D9EC28AA7B1500BB4757 /* TopStoriesFeediOSTests */,
			);
		};
/* End PBXProject section */

/* Begin PBXResourcesBuildPhase section */
		CBA6D98028A9219B00BB4757 /* Resources */ = {
			isa = PBXResourcesBuildPhase;
			buildActionMask = 2147483647;
			files = (
			);
			runOnlyForDeploymentPostprocessing = 0;
		};
		CBA6D9E428AA7B1400BB4757 /* Resources */ = {
			isa = PBXResourcesBuildPhase;
			buildActionMask = 2147483647;
			files = (
			);
			runOnlyForDeploymentPostprocessing = 0;
		};
		CBA6D9EB28AA7B1500BB4757 /* Resources */ = {
			isa = PBXResourcesBuildPhase;
			buildActionMask = 2147483647;
			files = (
			);
			runOnlyForDeploymentPostprocessing = 0;
		};
		CBEEAB7A28A439F300CD65EB /* Resources */ = {
			isa = PBXResourcesBuildPhase;
			buildActionMask = 2147483647;
			files = (
			);
			runOnlyForDeploymentPostprocessing = 0;
		};
		CBEEAB8228A439F300CD65EB /* Resources */ = {
			isa = PBXResourcesBuildPhase;
			buildActionMask = 2147483647;
			files = (
			);
			runOnlyForDeploymentPostprocessing = 0;
		};
/* End PBXResourcesBuildPhase section */

/* Begin PBXSourcesBuildPhase section */
		CBA6D97E28A9219B00BB4757 /* Sources */ = {
			isa = PBXSourcesBuildPhase;
			buildActionMask = 2147483647;
			files = (
				CBA6D98528A9219B00BB4757 /* TopStoriesFeedAPIEndToEndTests.swift in Sources */,
				CBA6D98C28A9294A00BB4757 /* XCTestCase+MemoryLeakTracking.swift in Sources */,
			);
			runOnlyForDeploymentPostprocessing = 0;
		};
		CBA6D9E228AA7B1400BB4757 /* Sources */ = {
			isa = PBXSourcesBuildPhase;
			buildActionMask = 2147483647;
			files = (
			);
			runOnlyForDeploymentPostprocessing = 0;
		};
		CBA6D9E928AA7B1500BB4757 /* Sources */ = {
			isa = PBXSourcesBuildPhase;
			buildActionMask = 2147483647;
			files = (
				CBA6D9FC28AA86AC00BB4757 /* FeedViewControllerTests.swift in Sources */,
				CBA6D9F328AA7B1500BB4757 /* TopStoriesFeediOSTests.swift in Sources */,
			);
			runOnlyForDeploymentPostprocessing = 0;
		};
		CBEEAB7828A439F300CD65EB /* Sources */ = {
			isa = PBXSourcesBuildPhase;
			buildActionMask = 2147483647;
			files = (
				CBA6D97528A7E56F00BB4757 /* FeedItemsMapper.swift in Sources */,
				CBEEAB9728A4557200CD65EB /* FeedLoader.swift in Sources */,
				CBA6D99628A9597900BB4757 /* RemoteFeedItem.swift in Sources */,
				CBA6D99A28A9815600BB4757 /* FeedCachePolicy.swift in Sources */,
				CBEEAB9B28A455D400CD65EB /* RemoteFeedLoader.swift in Sources */,
				CBA6D99828A959AF00BB4757 /* LocalFeedImage.swift in Sources */,
				CBA6D99428A94E6900BB4757 /* FeedStore.swift in Sources */,
				CBA6D99228A94E2F00BB4757 /* LocalFeedLoader.swift in Sources */,
				CBA6D99C28A992B400BB4757 /* CodableFeedStore.swift in Sources */,
				CBA6D97328A7E50D00BB4757 /* HTTPClient.swift in Sources */,
				CBEEAB9528A44D7A00CD65EB /* FeedItem.swift in Sources */,
				CBA6D97D28A8559A00BB4757 /* URLSessionHTTPClient.swift in Sources */,
			);
			runOnlyForDeploymentPostprocessing = 0;
		};
		CBEEAB8028A439F300CD65EB /* Sources */ = {
			isa = PBXSourcesBuildPhase;
			buildActionMask = 2147483647;
			files = (
				CBEEAB9D28A4577F00CD65EB /* LoadFeedFromRemoteUseCaseTests.swift in Sources */,
				CBA6D97B28A8436F00BB4757 /* XCTestCase+MemoryLeakTracking.swift in Sources */,
				CBA6D97828A8119100BB4757 /* URLSessionHTTPClientTests.swift in Sources */,
				CBA6D98F28A9469A00BB4757 /* CacheFeedUseCaseTests.swift in Sources */,
				CBEEAB8A28A439F300CD65EB /* TopStoriesFeedTests.swift in Sources */,
			);
			runOnlyForDeploymentPostprocessing = 0;
		};
/* End PBXSourcesBuildPhase section */

/* Begin PBXTargetDependency section */
		CBA6D98828A9219B00BB4757 /* PBXTargetDependency */ = {
			isa = PBXTargetDependency;
			target = CBEEAB7B28A439F300CD65EB /* TopStoriesFeed */;
			targetProxy = CBA6D98728A9219B00BB4757 /* PBXContainerItemProxy */;
		};
		CBA6D9F028AA7B1500BB4757 /* PBXTargetDependency */ = {
			isa = PBXTargetDependency;
			target = CBA6D9E528AA7B1400BB4757 /* TopStoriesFeediOS */;
			targetProxy = CBA6D9EF28AA7B1500BB4757 /* PBXContainerItemProxy */;
		};
		CBA6DA0128AA8AC800BB4757 /* PBXTargetDependency */ = {
			isa = PBXTargetDependency;
			platformFilter = ios;
			target = CBEEAB7B28A439F300CD65EB /* TopStoriesFeed */;
			targetProxy = CBA6DA0028AA8AC800BB4757 /* PBXContainerItemProxy */;
		};
		CBEEAB8728A439F300CD65EB /* PBXTargetDependency */ = {
			isa = PBXTargetDependency;
			target = CBEEAB7B28A439F300CD65EB /* TopStoriesFeed */;
			targetProxy = CBEEAB8628A439F300CD65EB /* PBXContainerItemProxy */;
		};
/* End PBXTargetDependency section */

/* Begin XCBuildConfiguration section */
		CBA6D98A28A9219B00BB4757 /* Debug */ = {
			isa = XCBuildConfiguration;
			buildSettings = {
				CODE_SIGN_STYLE = Automatic;
				CURRENT_PROJECT_VERSION = 1;
				DEVELOPMENT_TEAM = 64BD3MXBAX;
				GENERATE_INFOPLIST_FILE = YES;
				MARKETING_VERSION = 1.0;
				PRODUCT_BUNDLE_IDENTIFIER = com.aymen.TopStoriesFeedAPIEndToEndTests;
				PRODUCT_NAME = "$(TARGET_NAME)";
				SWIFT_EMIT_LOC_STRINGS = NO;
				SWIFT_VERSION = 5.0;
			};
			name = Debug;
		};
		CBA6D98B28A9219B00BB4757 /* Release */ = {
			isa = XCBuildConfiguration;
			buildSettings = {
				CODE_SIGN_STYLE = Automatic;
				CURRENT_PROJECT_VERSION = 1;
				DEVELOPMENT_TEAM = 64BD3MXBAX;
				GENERATE_INFOPLIST_FILE = YES;
				MARKETING_VERSION = 1.0;
				PRODUCT_BUNDLE_IDENTIFIER = com.aymen.TopStoriesFeedAPIEndToEndTests;
				PRODUCT_NAME = "$(TARGET_NAME)";
				SWIFT_EMIT_LOC_STRINGS = NO;
				SWIFT_VERSION = 5.0;
			};
			name = Release;
		};
		CBA6D9F628AA7B1500BB4757 /* Debug */ = {
			isa = XCBuildConfiguration;
			buildSettings = {
				CODE_SIGN_STYLE = Automatic;
				CURRENT_PROJECT_VERSION = 1;
				DEFINES_MODULE = YES;
				DEVELOPMENT_TEAM = 64BD3MXBAX;
				DYLIB_COMPATIBILITY_VERSION = 1;
				DYLIB_CURRENT_VERSION = 1;
				DYLIB_INSTALL_NAME_BASE = "@rpath";
				GENERATE_INFOPLIST_FILE = YES;
				INFOPLIST_KEY_NSHumanReadableCopyright = "";
				INSTALL_PATH = "$(LOCAL_LIBRARY_DIR)/Frameworks";
				IPHONEOS_DEPLOYMENT_TARGET = 15.5;
				LD_RUNPATH_SEARCH_PATHS = (
					"$(inherited)",
					"@executable_path/Frameworks",
					"@loader_path/Frameworks",
				);
				MARKETING_VERSION = 1.0;
				PRODUCT_BUNDLE_IDENTIFIER = com.aymen.TopStoriesFeediOS;
				PRODUCT_NAME = "$(TARGET_NAME:c99extidentifier)";
				SDKROOT = iphoneos;
				SKIP_INSTALL = YES;
				SWIFT_EMIT_LOC_STRINGS = YES;
				SWIFT_VERSION = 5.0;
				TARGETED_DEVICE_FAMILY = "1,2";
			};
			name = Debug;
		};
		CBA6D9F728AA7B1500BB4757 /* Release */ = {
			isa = XCBuildConfiguration;
			buildSettings = {
				CODE_SIGN_STYLE = Automatic;
				CURRENT_PROJECT_VERSION = 1;
				DEFINES_MODULE = YES;
				DEVELOPMENT_TEAM = 64BD3MXBAX;
				DYLIB_COMPATIBILITY_VERSION = 1;
				DYLIB_CURRENT_VERSION = 1;
				DYLIB_INSTALL_NAME_BASE = "@rpath";
				GENERATE_INFOPLIST_FILE = YES;
				INFOPLIST_KEY_NSHumanReadableCopyright = "";
				INSTALL_PATH = "$(LOCAL_LIBRARY_DIR)/Frameworks";
				IPHONEOS_DEPLOYMENT_TARGET = 15.5;
				LD_RUNPATH_SEARCH_PATHS = (
					"$(inherited)",
					"@executable_path/Frameworks",
					"@loader_path/Frameworks",
				);
				MARKETING_VERSION = 1.0;
				PRODUCT_BUNDLE_IDENTIFIER = com.aymen.TopStoriesFeediOS;
				PRODUCT_NAME = "$(TARGET_NAME:c99extidentifier)";
				SDKROOT = iphoneos;
				SKIP_INSTALL = YES;
				SWIFT_EMIT_LOC_STRINGS = YES;
				SWIFT_VERSION = 5.0;
				TARGETED_DEVICE_FAMILY = "1,2";
				VALIDATE_PRODUCT = YES;
			};
			name = Release;
		};
		CBA6D9F928AA7B1500BB4757 /* Debug */ = {
			isa = XCBuildConfiguration;
			buildSettings = {
				CODE_SIGN_STYLE = Automatic;
				CURRENT_PROJECT_VERSION = 1;
				DEVELOPMENT_TEAM = 64BD3MXBAX;
				GENERATE_INFOPLIST_FILE = YES;
				IPHONEOS_DEPLOYMENT_TARGET = 15.5;
				MARKETING_VERSION = 1.0;
				PRODUCT_BUNDLE_IDENTIFIER = com.aymen.TopStoriesFeediOSTests;
				PRODUCT_NAME = "$(TARGET_NAME)";
				SDKROOT = iphoneos;
				SWIFT_EMIT_LOC_STRINGS = NO;
				SWIFT_VERSION = 5.0;
				TARGETED_DEVICE_FAMILY = "1,2";
			};
			name = Debug;
		};
		CBA6D9FA28AA7B1500BB4757 /* Release */ = {
			isa = XCBuildConfiguration;
			buildSettings = {
				CODE_SIGN_STYLE = Automatic;
				CURRENT_PROJECT_VERSION = 1;
				DEVELOPMENT_TEAM = 64BD3MXBAX;
				GENERATE_INFOPLIST_FILE = YES;
				IPHONEOS_DEPLOYMENT_TARGET = 15.5;
				MARKETING_VERSION = 1.0;
				PRODUCT_BUNDLE_IDENTIFIER = com.aymen.TopStoriesFeediOSTests;
				PRODUCT_NAME = "$(TARGET_NAME)";
				SDKROOT = iphoneos;
				SWIFT_EMIT_LOC_STRINGS = NO;
				SWIFT_VERSION = 5.0;
				TARGETED_DEVICE_FAMILY = "1,2";
				VALIDATE_PRODUCT = YES;
			};
			name = Release;
		};
		CBEEAB8C28A439F300CD65EB /* Debug */ = {
			isa = XCBuildConfiguration;
			buildSettings = {
				ALWAYS_SEARCH_USER_PATHS = NO;
				CLANG_ANALYZER_NONNULL = YES;
				CLANG_ANALYZER_NUMBER_OBJECT_CONVERSION = YES_AGGRESSIVE;
				CLANG_CXX_LANGUAGE_STANDARD = "gnu++17";
				CLANG_ENABLE_MODULES = YES;
				CLANG_ENABLE_OBJC_ARC = YES;
				CLANG_ENABLE_OBJC_WEAK = YES;
				CLANG_WARN_BLOCK_CAPTURE_AUTORELEASING = YES;
				CLANG_WARN_BOOL_CONVERSION = YES;
				CLANG_WARN_COMMA = YES;
				CLANG_WARN_CONSTANT_CONVERSION = YES;
				CLANG_WARN_DEPRECATED_OBJC_IMPLEMENTATIONS = YES;
				CLANG_WARN_DIRECT_OBJC_ISA_USAGE = YES_ERROR;
				CLANG_WARN_DOCUMENTATION_COMMENTS = YES;
				CLANG_WARN_EMPTY_BODY = YES;
				CLANG_WARN_ENUM_CONVERSION = YES;
				CLANG_WARN_INFINITE_RECURSION = YES;
				CLANG_WARN_INT_CONVERSION = YES;
				CLANG_WARN_NON_LITERAL_NULL_CONVERSION = YES;
				CLANG_WARN_OBJC_IMPLICIT_RETAIN_SELF = YES;
				CLANG_WARN_OBJC_LITERAL_CONVERSION = YES;
				CLANG_WARN_OBJC_ROOT_CLASS = YES_ERROR;
				CLANG_WARN_QUOTED_INCLUDE_IN_FRAMEWORK_HEADER = YES;
				CLANG_WARN_RANGE_LOOP_ANALYSIS = YES;
				CLANG_WARN_STRICT_PROTOTYPES = YES;
				CLANG_WARN_SUSPICIOUS_MOVE = YES;
				CLANG_WARN_UNGUARDED_AVAILABILITY = YES_AGGRESSIVE;
				CLANG_WARN_UNREACHABLE_CODE = YES;
				CLANG_WARN__DUPLICATE_METHOD_MATCH = YES;
				COPY_PHASE_STRIP = NO;
				CURRENT_PROJECT_VERSION = 1;
				DEBUG_INFORMATION_FORMAT = dwarf;
				ENABLE_STRICT_OBJC_MSGSEND = YES;
				ENABLE_TESTABILITY = YES;
				GCC_C_LANGUAGE_STANDARD = gnu11;
				GCC_DYNAMIC_NO_PIC = NO;
				GCC_NO_COMMON_BLOCKS = YES;
				GCC_OPTIMIZATION_LEVEL = 0;
				GCC_PREPROCESSOR_DEFINITIONS = (
					"DEBUG=1",
					"$(inherited)",
				);
				GCC_WARN_64_TO_32_BIT_CONVERSION = YES;
				GCC_WARN_ABOUT_RETURN_TYPE = YES_ERROR;
				GCC_WARN_UNDECLARED_SELECTOR = YES;
				GCC_WARN_UNINITIALIZED_AUTOS = YES_AGGRESSIVE;
				GCC_WARN_UNUSED_FUNCTION = YES;
				GCC_WARN_UNUSED_VARIABLE = YES;
				MACOSX_DEPLOYMENT_TARGET = 12.3;
				MTL_ENABLE_DEBUG_INFO = INCLUDE_SOURCE;
				MTL_FAST_MATH = YES;
				ONLY_ACTIVE_ARCH = YES;
				SDKROOT = macosx;
				SWIFT_ACTIVE_COMPILATION_CONDITIONS = DEBUG;
				SWIFT_OPTIMIZATION_LEVEL = "-Onone";
				VERSIONING_SYSTEM = "apple-generic";
				VERSION_INFO_PREFIX = "";
			};
			name = Debug;
		};
		CBEEAB8D28A439F300CD65EB /* Release */ = {
			isa = XCBuildConfiguration;
			buildSettings = {
				ALWAYS_SEARCH_USER_PATHS = NO;
				CLANG_ANALYZER_NONNULL = YES;
				CLANG_ANALYZER_NUMBER_OBJECT_CONVERSION = YES_AGGRESSIVE;
				CLANG_CXX_LANGUAGE_STANDARD = "gnu++17";
				CLANG_ENABLE_MODULES = YES;
				CLANG_ENABLE_OBJC_ARC = YES;
				CLANG_ENABLE_OBJC_WEAK = YES;
				CLANG_WARN_BLOCK_CAPTURE_AUTORELEASING = YES;
				CLANG_WARN_BOOL_CONVERSION = YES;
				CLANG_WARN_COMMA = YES;
				CLANG_WARN_CONSTANT_CONVERSION = YES;
				CLANG_WARN_DEPRECATED_OBJC_IMPLEMENTATIONS = YES;
				CLANG_WARN_DIRECT_OBJC_ISA_USAGE = YES_ERROR;
				CLANG_WARN_DOCUMENTATION_COMMENTS = YES;
				CLANG_WARN_EMPTY_BODY = YES;
				CLANG_WARN_ENUM_CONVERSION = YES;
				CLANG_WARN_INFINITE_RECURSION = YES;
				CLANG_WARN_INT_CONVERSION = YES;
				CLANG_WARN_NON_LITERAL_NULL_CONVERSION = YES;
				CLANG_WARN_OBJC_IMPLICIT_RETAIN_SELF = YES;
				CLANG_WARN_OBJC_LITERAL_CONVERSION = YES;
				CLANG_WARN_OBJC_ROOT_CLASS = YES_ERROR;
				CLANG_WARN_QUOTED_INCLUDE_IN_FRAMEWORK_HEADER = YES;
				CLANG_WARN_RANGE_LOOP_ANALYSIS = YES;
				CLANG_WARN_STRICT_PROTOTYPES = YES;
				CLANG_WARN_SUSPICIOUS_MOVE = YES;
				CLANG_WARN_UNGUARDED_AVAILABILITY = YES_AGGRESSIVE;
				CLANG_WARN_UNREACHABLE_CODE = YES;
				CLANG_WARN__DUPLICATE_METHOD_MATCH = YES;
				COPY_PHASE_STRIP = NO;
				CURRENT_PROJECT_VERSION = 1;
				DEBUG_INFORMATION_FORMAT = "dwarf-with-dsym";
				ENABLE_NS_ASSERTIONS = NO;
				ENABLE_STRICT_OBJC_MSGSEND = YES;
				GCC_C_LANGUAGE_STANDARD = gnu11;
				GCC_NO_COMMON_BLOCKS = YES;
				GCC_WARN_64_TO_32_BIT_CONVERSION = YES;
				GCC_WARN_ABOUT_RETURN_TYPE = YES_ERROR;
				GCC_WARN_UNDECLARED_SELECTOR = YES;
				GCC_WARN_UNINITIALIZED_AUTOS = YES_AGGRESSIVE;
				GCC_WARN_UNUSED_FUNCTION = YES;
				GCC_WARN_UNUSED_VARIABLE = YES;
				MACOSX_DEPLOYMENT_TARGET = 12.3;
				MTL_ENABLE_DEBUG_INFO = NO;
				MTL_FAST_MATH = YES;
				SDKROOT = macosx;
				SWIFT_COMPILATION_MODE = wholemodule;
				SWIFT_OPTIMIZATION_LEVEL = "-O";
				VERSIONING_SYSTEM = "apple-generic";
				VERSION_INFO_PREFIX = "";
			};
			name = Release;
		};
		CBEEAB8F28A439F300CD65EB /* Debug */ = {
			isa = XCBuildConfiguration;
			buildSettings = {
				CLANG_ENABLE_MODULES = YES;
				CODE_SIGN_STYLE = Automatic;
				COMBINE_HIDPI_IMAGES = YES;
				CURRENT_PROJECT_VERSION = 1;
				DEFINES_MODULE = YES;
				DEVELOPMENT_TEAM = 64BD3MXBAX;
				DYLIB_COMPATIBILITY_VERSION = 1;
				DYLIB_CURRENT_VERSION = 1;
				DYLIB_INSTALL_NAME_BASE = "@rpath";
				GENERATE_INFOPLIST_FILE = YES;
				INFOPLIST_KEY_NSHumanReadableCopyright = "";
				INSTALL_PATH = "$(LOCAL_LIBRARY_DIR)/Frameworks";
				LD_RUNPATH_SEARCH_PATHS = (
					"$(inherited)",
					"@executable_path/../Frameworks",
					"@loader_path/Frameworks",
				);
				MARKETING_VERSION = 1.0;
				PRODUCT_BUNDLE_IDENTIFIER = com.aymen.TopStoriesFeed;
				PRODUCT_NAME = "$(TARGET_NAME:c99extidentifier)";
				SKIP_INSTALL = YES;
				SUPPORTED_PLATFORMS = "macosx iphonesimulator iphoneos";
				SWIFT_EMIT_LOC_STRINGS = YES;
				SWIFT_OPTIMIZATION_LEVEL = "-Onone";
				SWIFT_VERSION = 5.0;
			};
			name = Debug;
		};
		CBEEAB9028A439F300CD65EB /* Release */ = {
			isa = XCBuildConfiguration;
			buildSettings = {
				CLANG_ENABLE_MODULES = YES;
				CODE_SIGN_STYLE = Automatic;
				COMBINE_HIDPI_IMAGES = YES;
				CURRENT_PROJECT_VERSION = 1;
				DEFINES_MODULE = YES;
				DEVELOPMENT_TEAM = 64BD3MXBAX;
				DYLIB_COMPATIBILITY_VERSION = 1;
				DYLIB_CURRENT_VERSION = 1;
				DYLIB_INSTALL_NAME_BASE = "@rpath";
				GENERATE_INFOPLIST_FILE = YES;
				INFOPLIST_KEY_NSHumanReadableCopyright = "";
				INSTALL_PATH = "$(LOCAL_LIBRARY_DIR)/Frameworks";
				LD_RUNPATH_SEARCH_PATHS = (
					"$(inherited)",
					"@executable_path/../Frameworks",
					"@loader_path/Frameworks",
				);
				MARKETING_VERSION = 1.0;
				PRODUCT_BUNDLE_IDENTIFIER = com.aymen.TopStoriesFeed;
				PRODUCT_NAME = "$(TARGET_NAME:c99extidentifier)";
				SKIP_INSTALL = YES;
				SUPPORTED_PLATFORMS = "macosx iphonesimulator iphoneos";
				SWIFT_EMIT_LOC_STRINGS = YES;
				SWIFT_VERSION = 5.0;
			};
			name = Release;
		};
		CBEEAB9228A439F300CD65EB /* Debug */ = {
			isa = XCBuildConfiguration;
			buildSettings = {
				ALWAYS_EMBED_SWIFT_STANDARD_LIBRARIES = YES;
				CODE_SIGN_STYLE = Automatic;
				CURRENT_PROJECT_VERSION = 1;
				DEVELOPMENT_TEAM = 64BD3MXBAX;
				GENERATE_INFOPLIST_FILE = YES;
				MARKETING_VERSION = 1.0;
				PRODUCT_BUNDLE_IDENTIFIER = com.aymen.TopStoriesFeedTests;
				PRODUCT_NAME = "$(TARGET_NAME)";
				SUPPORTED_PLATFORMS = "macosx iphonesimulator iphoneos";
				SWIFT_EMIT_LOC_STRINGS = NO;
				SWIFT_VERSION = 5.0;
			};
			name = Debug;
		};
		CBEEAB9328A439F300CD65EB /* Release */ = {
			isa = XCBuildConfiguration;
			buildSettings = {
				ALWAYS_EMBED_SWIFT_STANDARD_LIBRARIES = YES;
				CODE_SIGN_STYLE = Automatic;
				CURRENT_PROJECT_VERSION = 1;
				DEVELOPMENT_TEAM = 64BD3MXBAX;
				GENERATE_INFOPLIST_FILE = YES;
				MARKETING_VERSION = 1.0;
				PRODUCT_BUNDLE_IDENTIFIER = com.aymen.TopStoriesFeedTests;
				PRODUCT_NAME = "$(TARGET_NAME)";
				SUPPORTED_PLATFORMS = "macosx iphonesimulator iphoneos";
				SWIFT_EMIT_LOC_STRINGS = NO;
				SWIFT_VERSION = 5.0;
			};
			name = Release;
		};
/* End XCBuildConfiguration section */

/* Begin XCConfigurationList section */
		CBA6D98928A9219B00BB4757 /* Build configuration list for PBXNativeTarget "TopStoriesFeedAPIEndToEndTests" */ = {
			isa = XCConfigurationList;
			buildConfigurations = (
				CBA6D98A28A9219B00BB4757 /* Debug */,
				CBA6D98B28A9219B00BB4757 /* Release */,
			);
			defaultConfigurationIsVisible = 0;
			defaultConfigurationName = Release;
		};
		CBA6D9F528AA7B1500BB4757 /* Build configuration list for PBXNativeTarget "TopStoriesFeediOS" */ = {
			isa = XCConfigurationList;
			buildConfigurations = (
				CBA6D9F628AA7B1500BB4757 /* Debug */,
				CBA6D9F728AA7B1500BB4757 /* Release */,
			);
			defaultConfigurationIsVisible = 0;
			defaultConfigurationName = Release;
		};
		CBA6D9F828AA7B1500BB4757 /* Build configuration list for PBXNativeTarget "TopStoriesFeediOSTests" */ = {
			isa = XCConfigurationList;
			buildConfigurations = (
				CBA6D9F928AA7B1500BB4757 /* Debug */,
				CBA6D9FA28AA7B1500BB4757 /* Release */,
			);
			defaultConfigurationIsVisible = 0;
			defaultConfigurationName = Release;
		};
		CBEEAB7628A439F300CD65EB /* Build configuration list for PBXProject "TopStoriesFeed" */ = {
			isa = XCConfigurationList;
			buildConfigurations = (
				CBEEAB8C28A439F300CD65EB /* Debug */,
				CBEEAB8D28A439F300CD65EB /* Release */,
			);
			defaultConfigurationIsVisible = 0;
			defaultConfigurationName = Release;
		};
		CBEEAB8E28A439F300CD65EB /* Build configuration list for PBXNativeTarget "TopStoriesFeed" */ = {
			isa = XCConfigurationList;
			buildConfigurations = (
				CBEEAB8F28A439F300CD65EB /* Debug */,
				CBEEAB9028A439F300CD65EB /* Release */,
			);
			defaultConfigurationIsVisible = 0;
			defaultConfigurationName = Release;
		};
		CBEEAB9128A439F300CD65EB /* Build configuration list for PBXNativeTarget "TopStoriesFeedTests" */ = {
			isa = XCConfigurationList;
			buildConfigurations = (
				CBEEAB9228A439F300CD65EB /* Debug */,
				CBEEAB9328A439F300CD65EB /* Release */,
			);
			defaultConfigurationIsVisible = 0;
			defaultConfigurationName = Release;
		};
/* End XCConfigurationList section */
	};
	rootObject = CBEEAB7328A439F300CD65EB /* Project object */;
}
